<?xml version="1.0" encoding="utf-8"?>
<Project ToolsVersion="4.0" xmlns="http://schemas.microsoft.com/developer/msbuild/2003">
  <ItemGroup>
    <Filter Include="Source Files">
      <UniqueIdentifier>{4FC737F1-C7A5-4376-A066-2A32D752A2FF}</UniqueIdentifier>
      <Extensions>cpp;c;cc;cxx;c++;def;odl;idl;hpj;bat;asm;asmx</Extensions>
    </Filter>
    <Filter Include="Header Files">
      <UniqueIdentifier>{93995380-89BD-4b04-88EB-625FBE52EBFB}</UniqueIdentifier>
      <Extensions>h;hh;hpp;hxx;h++;hm;inl;inc;ipp;xsd</Extensions>
    </Filter>
    <Filter Include="Resource Files">
      <UniqueIdentifier>{67DA6AB6-F800-4c08-8B7A-83BB121AAD01}</UniqueIdentifier>
      <Extensions>rc;ico;cur;bmp;dlg;rc2;rct;bin;rgs;gif;jpg;jpeg;jpe;resx;tiff;tif;png;wav;mfcribbon-ms</Extensions>
    </Filter>
  </ItemGroup>
  <ItemGroup>
    <ClInclude Include="include\doticu_skylib\intrinsic.h">
      <Filter>Header Files</Filter>
    </ClInclude>
    <ClInclude Include="include\doticu_skylib\form.h">
      <Filter>Header Files</Filter>
    </ClInclude>
    <ClInclude Include="include\doticu_skylib\virtual.h">
      <Filter>Header Files</Filter>
    </ClInclude>
    <ClInclude Include="include\doticu_skylib\virtual_variable.h">
      <Filter>Header Files</Filter>
    </ClInclude>
    <ClInclude Include="include\doticu_skylib\virtual_type.h">
      <Filter>Header Files</Filter>
    </ClInclude>
    <ClInclude Include="include\doticu_skylib\virtual_policy.h">
      <Filter>Header Files</Filter>
    </ClInclude>
    <ClInclude Include="include\doticu_skylib\virtual_object.h">
      <Filter>Header Files</Filter>
    </ClInclude>
    <ClInclude Include="include\doticu_skylib\virtual_handle.h">
      <Filter>Header Files</Filter>
    </ClInclude>
    <ClInclude Include="include\doticu_skylib\virtual_function.h">
      <Filter>Header Files</Filter>
    </ClInclude>
    <ClInclude Include="include\doticu_skylib\virtual_class.h">
      <Filter>Header Files</Filter>
    </ClInclude>
    <ClInclude Include="include\doticu_skylib\virtual_machine.h">
      <Filter>Header Files</Filter>
    </ClInclude>
    <ClInclude Include="include\doticu_skylib\virtual_arguments.h">
      <Filter>Header Files</Filter>
    </ClInclude>
    <ClInclude Include="include\doticu_skylib\virtual_callback.h">
      <Filter>Header Files</Filter>
    </ClInclude>
    <ClInclude Include="include\doticu_skylib\virtual_binder.h">
      <Filter>Header Files</Filter>
    </ClInclude>
    <ClInclude Include="include\doticu_skylib\game.h">
      <Filter>Header Files</Filter>
    </ClInclude>
    <ClInclude Include="include\doticu_skylib\quest.h">
      <Filter>Header Files</Filter>
    </ClInclude>
    <ClInclude Include="include\doticu_skylib\ui.h">
      <Filter>Header Files</Filter>
    </ClInclude>
    <ClInclude Include="include\doticu_skylib\virtual_array.h">
      <Filter>Header Files</Filter>
    </ClInclude>
    <ClInclude Include="include\doticu_skylib\virtual_macros.h">
      <Filter>Header Files</Filter>
    </ClInclude>
    <ClInclude Include="include\doticu_skylib\virtual_utils.h">
      <Filter>Header Files</Filter>
    </ClInclude>
    <ClInclude Include="include\doticu_skylib\string.h">
      <Filter>Header Files</Filter>
    </ClInclude>
    <ClInclude Include="include\doticu_skylib\cell.h">
      <Filter>Header Files</Filter>
    </ClInclude>
    <ClInclude Include="include\doticu_skylib\reference.h">
      <Filter>Header Files</Filter>
    </ClInclude>
    <ClInclude Include="include\doticu_skylib\actor_base.h">
      <Filter>Header Files</Filter>
    </ClInclude>
    <ClInclude Include="include\doticu_skylib\actor.h">
      <Filter>Header Files</Filter>
    </ClInclude>
    <ClInclude Include="include\doticu_skylib\worldspace.h">
      <Filter>Header Files</Filter>
    </ClInclude>
    <ClInclude Include="include\doticu_skylib\collections.h">
      <Filter>Header Files</Filter>
    </ClInclude>
    <ClInclude Include="include\doticu_skylib\leveled_actor_base.h">
      <Filter>Header Files</Filter>
    </ClInclude>
    <ClInclude Include="include\doticu_skylib\global.h">
      <Filter>Header Files</Filter>
    </ClInclude>
    <ClInclude Include="include\doticu_skylib\relation.h">
      <Filter>Header Files</Filter>
    </ClInclude>
    <ClInclude Include="include\doticu_skylib\race.h">
      <Filter>Header Files</Filter>
    </ClInclude>
    <ClInclude Include="include\doticu_skylib\mod.h">
      <Filter>Header Files</Filter>
    </ClInclude>
    <ClInclude Include="include\doticu_skylib\location.h">
      <Filter>Header Files</Filter>
    </ClInclude>
    <ClInclude Include="include\doticu_skylib\skylib.h">
      <Filter>Header Files</Filter>
    </ClInclude>
    <ClInclude Include="include\doticu_skylib\form_type.h">
      <Filter>Header Files</Filter>
    </ClInclude>
    <ClInclude Include="include\doticu_skylib\script.h">
      <Filter>Header Files</Filter>
    </ClInclude>
    <ClInclude Include="include\doticu_skylib\player.h">
      <Filter>Header Files</Filter>
    </ClInclude>
    <ClInclude Include="include\doticu_skylib\maybe.h">
      <Filter>Header Files</Filter>
    </ClInclude>
    <ClInclude Include="include\doticu_skylib\enum.h">
      <Filter>Header Files</Filter>
    </ClInclude>
    <ClInclude Include="include\doticu_skylib\interface.h">
      <Filter>Header Files</Filter>
    </ClInclude>
    <ClInclude Include="include\doticu_skylib\cstring.h">
      <Filter>Header Files</Filter>
    </ClInclude>
    <ClInclude Include="include\doticu_skylib\magic_target.h">
      <Filter>Header Files</Filter>
    </ClInclude>
    <ClInclude Include="include\doticu_skylib\actor_state.h">
      <Filter>Header Files</Filter>
    </ClInclude>
    <ClInclude Include="include\doticu_skylib\sex.h">
      <Filter>Header Files</Filter>
    </ClInclude>
    <ClInclude Include="include\doticu_skylib\faction.h">
      <Filter>Header Files</Filter>
    </ClInclude>
    <ClInclude Include="include\doticu_skylib\component_biped.h">
      <Filter>Header Files</Filter>
    </ClInclude>
    <ClInclude Include="include\doticu_skylib\component_actor_base_data.h">
      <Filter>Header Files</Filter>
    </ClInclude>
    <ClInclude Include="include\doticu_skylib\component_form_data.h">
      <Filter>Header Files</Filter>
    </ClInclude>
    <ClInclude Include="include\doticu_skylib\component_active_effects.h">
      <Filter>Header Files</Filter>
    </ClInclude>
    <ClInclude Include="include\doticu_skylib\component_ai.h">
      <Filter>Header Files</Filter>
    </ClInclude>
    <ClInclude Include="include\doticu_skylib\component_attack.h">
      <Filter>Header Files</Filter>
    </ClInclude>
    <ClInclude Include="include\doticu_skylib\component_container.h">
      <Filter>Header Files</Filter>
    </ClInclude>
    <ClInclude Include="include\doticu_skylib\component_description.h">
      <Filter>Header Files</Filter>
    </ClInclude>
    <ClInclude Include="include\doticu_skylib\component_destructible.h">
      <Filter>Header Files</Filter>
    </ClInclude>
    <ClInclude Include="include\doticu_skylib\component_keywords.h">
      <Filter>Header Files</Filter>
    </ClInclude>
    <ClInclude Include="include\doticu_skylib\component_leveled.h">
      <Filter>Header Files</Filter>
    </ClInclude>
    <ClInclude Include="include\doticu_skylib\component_model.h">
      <Filter>Header Files</Filter>
    </ClInclude>
    <ClInclude Include="include\doticu_skylib\component_name.h">
      <Filter>Header Files</Filter>
    </ClInclude>
    <ClInclude Include="include\doticu_skylib\component_package_override.h">
      <Filter>Header Files</Filter>
    </ClInclude>
    <ClInclude Include="include\doticu_skylib\component_perks.h">
      <Filter>Header Files</Filter>
    </ClInclude>
    <ClInclude Include="include\doticu_skylib\component_race.h">
      <Filter>Header Files</Filter>
    </ClInclude>
    <ClInclude Include="include\doticu_skylib\component_skin.h">
      <Filter>Header Files</Filter>
    </ClInclude>
    <ClInclude Include="include\doticu_skylib\form_factory.h">
      <Filter>Header Files</Filter>
    </ClInclude>
    <ClInclude Include="include\doticu_skylib\unknown.h">
      <Filter>Header Files</Filter>
    </ClInclude>
    <ClInclude Include="include\doticu_skylib\reference_count.h">
      <Filter>Header Files</Filter>
    </ClInclude>
    <ClInclude Include="include\doticu_skylib\object.h">
      <Filter>Header Files</Filter>
    </ClInclude>
    <ClInclude Include="include\doticu_skylib\bound_object.h">
      <Filter>Header Files</Filter>
    </ClInclude>
    <ClInclude Include="include\doticu_skylib\animated_object.h">
      <Filter>Header Files</Filter>
    </ClInclude>
    <ClInclude Include="include\doticu_skylib\actor_values.h">
      <Filter>Header Files</Filter>
    </ClInclude>
    <ClInclude Include="include\doticu_skylib\reference_handle.h">
      <Filter>Header Files</Filter>
    </ClInclude>
    <ClInclude Include="include\doticu_skylib\form_id.h">
      <Filter>Header Files</Filter>
    </ClInclude>
    <ClInclude Include="include\doticu_skylib\alias_reference.h">
      <Filter>Header Files</Filter>
    </ClInclude>
    <ClInclude Include="include\doticu_skylib\alias_base.h">
      <Filter>Header Files</Filter>
    </ClInclude>
    <ClInclude Include="include\doticu_skylib\alias_id.h">
      <Filter>Header Files</Filter>
    </ClInclude>
    <ClInclude Include="include\doticu_skylib\extra_data.h">
      <Filter>Header Files</Filter>
    </ClInclude>
    <ClInclude Include="include\doticu_skylib\extra_list.h">
      <Filter>Header Files</Filter>
    </ClInclude>
    <ClInclude Include="include\doticu_skylib\extra_location.h">
      <Filter>Header Files</Filter>
    </ClInclude>
    <ClInclude Include="include\doticu_skylib\extra_type.h">
      <Filter>Header Files</Filter>
    </ClInclude>
    <ClInclude Include="include\doticu_skylib\component_texture.h">
      <Filter>Header Files</Filter>
    </ClInclude>
    <ClInclude Include="include\doticu_skylib\keyword.h">
      <Filter>Header Files</Filter>
    </ClInclude>
    <ClInclude Include="include\doticu_skylib\location_reference_type.h">
      <Filter>Header Files</Filter>
    </ClInclude>
    <ClInclude Include="include\doticu_skylib\math.h">
      <Filter>Header Files</Filter>
    </ClInclude>
    <ClInclude Include="include\doticu_skylib\form_flags.h">
      <Filter>Header Files</Filter>
    </ClInclude>
    <ClInclude Include="include\doticu_skylib\read_write_lock.h">
      <Filter>Header Files</Filter>
    </ClInclude>
    <ClInclude Include="include\doticu_skylib\branch_type.h">
      <Filter>Header Files</Filter>
    </ClInclude>
    <ClInclude Include="include\doticu_skylib\virtual_game.h">
      <Filter>Header Files</Filter>
    </ClInclude>
    <ClInclude Include="include\doticu_skylib\quest_objective.h">
      <Filter>Header Files</Filter>
    </ClInclude>
    <ClInclude Include="include\doticu_skylib\extra_aliases.h">
      <Filter>Header Files</Filter>
    </ClInclude>
    <ClInclude Include="include\doticu_skylib\quest_target.h">
      <Filter>Header Files</Filter>
    </ClInclude>
    <ClInclude Include="include\doticu_skylib\forward_list.h">
      <Filter>Header Files</Filter>
    </ClInclude>
    <ClInclude Include="include\doticu_skylib\quest_objective_state.h">
      <Filter>Header Files</Filter>
    </ClInclude>
    <ClInclude Include="include\doticu_skylib\rarity.h">
      <Filter>Header Files</Filter>
    </ClInclude>
    <ClInclude Include="include\doticu_skylib\translations.h">
      <Filter>Header Files</Filter>
    </ClInclude>
    <ClInclude Include="include\doticu_skylib\component_reaction.h">
      <Filter>Header Files</Filter>
    </ClInclude>
    <ClInclude Include="include\doticu_skylib\faction_and_rank.h">
      <Filter>Header Files</Filter>
    </ClInclude>
    <ClInclude Include="include\doticu_skylib\extra_factions_and_ranks.h">
      <Filter>Header Files</Filter>
    </ClInclude>
    <ClInclude Include="include\doticu_skylib\vitality.h">
      <Filter>Header Files</Filter>
    </ClInclude>
    <ClInclude Include="include\doticu_skylib\version.h">
      <Filter>Header Files</Filter>
    </ClInclude>
    <ClInclude Include="include\doticu_skylib\script_type.h">
      <Filter>Header Files</Filter>
    </ClInclude>
    <ClInclude Include="include\doticu_skylib\virtual_skse.h">
      <Filter>Header Files</Filter>
    </ClInclude>
    <ClInclude Include="include\doticu_skylib\game_macros.h">
      <Filter>Header Files</Filter>
    </ClInclude>
    <ClInclude Include="include\doticu_skylib\game_heap.h">
      <Filter>Header Files</Filter>
    </ClInclude>
    <ClInclude Include="include\doticu_skylib\traits.h">
      <Filter>Header Files</Filter>
    </ClInclude>
    <ClInclude Include="include\doticu_skylib\game_ini.h">
      <Filter>Header Files</Filter>
    </ClInclude>
    <ClInclude Include="include\doticu_skylib\component_harvest.h">
      <Filter>Header Files</Filter>
    </ClInclude>
    <ClInclude Include="include\doticu_skylib\season.h">
      <Filter>Header Files</Filter>
    </ClInclude>
    <ClInclude Include="include\doticu_skylib\activator.h">
      <Filter>Header Files</Filter>
    </ClInclude>
    <ClInclude Include="include\doticu_skylib\component_model_alternate.h">
      <Filter>Header Files</Filter>
    </ClInclude>
    <ClInclude Include="include\doticu_skylib\component_openable.h">
      <Filter>Header Files</Filter>
    </ClInclude>
    <ClInclude Include="include\doticu_skylib\flora.h">
      <Filter>Header Files</Filter>
    </ClInclude>
    <ClInclude Include="include\doticu_skylib\active_magic_effect.h">
      <Filter>Header Files</Filter>
    </ClInclude>
  </ItemGroup>
  <ItemGroup>
    <ClCompile Include="src\doticu_skylib\game.cpp">
      <Filter>Source Files</Filter>
    </ClCompile>
    <ClCompile Include="src\doticu_skylib\quest.cpp">
      <Filter>Source Files</Filter>
    </ClCompile>
    <ClCompile Include="src\doticu_skylib\virtual_machine.cpp">
      <Filter>Source Files</Filter>
    </ClCompile>
    <ClCompile Include="src\doticu_skylib\virtual_handle.cpp">
      <Filter>Source Files</Filter>
    </ClCompile>
    <ClCompile Include="src\doticu_skylib\virtual_variable.cpp">
      <Filter>Source Files</Filter>
    </ClCompile>
    <ClCompile Include="src\doticu_skylib\virtual_type.cpp">
      <Filter>Source Files</Filter>
    </ClCompile>
    <ClCompile Include="src\doticu_skylib\virtual_policy.cpp">
      <Filter>Source Files</Filter>
    </ClCompile>
    <ClCompile Include="src\doticu_skylib\ui.cpp">
      <Filter>Source Files</Filter>
    </ClCompile>
    <ClCompile Include="src\doticu_skylib\virtual_array.cpp">
      <Filter>Source Files</Filter>
    </ClCompile>
    <ClCompile Include="src\doticu_skylib\form.cpp">
      <Filter>Source Files</Filter>
    </ClCompile>
    <ClCompile Include="src\doticu_skylib\virtual_utils.cpp">
      <Filter>Source Files</Filter>
    </ClCompile>
    <ClCompile Include="src\doticu_skylib\string.cpp">
      <Filter>Source Files</Filter>
    </ClCompile>
    <ClCompile Include="src\doticu_skylib\virtual_class.cpp">
      <Filter>Source Files</Filter>
    </ClCompile>
    <ClCompile Include="src\doticu_skylib\virtual_object.cpp">
      <Filter>Source Files</Filter>
    </ClCompile>
    <ClCompile Include="src\doticu_skylib\cell.cpp">
      <Filter>Source Files</Filter>
    </ClCompile>
    <ClCompile Include="src\doticu_skylib\actor_base.cpp">
      <Filter>Source Files</Filter>
    </ClCompile>
    <ClCompile Include="src\doticu_skylib\actor.cpp">
      <Filter>Source Files</Filter>
    </ClCompile>
    <ClCompile Include="src\doticu_skylib\reference.cpp">
      <Filter>Source Files</Filter>
    </ClCompile>
    <ClCompile Include="src\doticu_skylib\worldspace.cpp">
      <Filter>Source Files</Filter>
    </ClCompile>
    <ClCompile Include="src\doticu_skylib\leveled_actor_base.cpp">
      <Filter>Source Files</Filter>
    </ClCompile>
    <ClCompile Include="src\doticu_skylib\global.cpp">
      <Filter>Source Files</Filter>
    </ClCompile>
    <ClCompile Include="src\doticu_skylib\relation.cpp">
      <Filter>Source Files</Filter>
    </ClCompile>
    <ClCompile Include="src\doticu_skylib\race.cpp">
      <Filter>Source Files</Filter>
    </ClCompile>
    <ClCompile Include="src\doticu_skylib\mod.cpp">
      <Filter>Source Files</Filter>
    </ClCompile>
    <ClCompile Include="src\doticu_skylib\location.cpp">
      <Filter>Source Files</Filter>
    </ClCompile>
    <ClCompile Include="src\doticu_skylib\script.cpp">
      <Filter>Source Files</Filter>
    </ClCompile>
    <ClCompile Include="src\doticu_skylib\player.cpp">
      <Filter>Source Files</Filter>
    </ClCompile>
    <ClCompile Include="src\doticu_skylib\cstring.cpp">
      <Filter>Source Files</Filter>
    </ClCompile>
    <ClCompile Include="src\doticu_skylib\sex.cpp">
      <Filter>Source Files</Filter>
    </ClCompile>
    <ClCompile Include="src\doticu_skylib\component_actor_base_data.cpp">
      <Filter>Source Files</Filter>
    </ClCompile>
    <ClCompile Include="src\doticu_skylib\form_factory.cpp">
      <Filter>Source Files</Filter>
    </ClCompile>
    <ClCompile Include="src\doticu_skylib\reference_count.cpp">
      <Filter>Source Files</Filter>
    </ClCompile>
    <ClCompile Include="src\doticu_skylib\extra_data.cpp">
      <Filter>Source Files</Filter>
    </ClCompile>
    <ClCompile Include="src\doticu_skylib\extra_list.cpp">
      <Filter>Source Files</Filter>
    </ClCompile>
    <ClCompile Include="src\doticu_skylib\collections.cpp">
      <Filter>Source Files</Filter>
    </ClCompile>
    <ClCompile Include="src\doticu_skylib\alias_base.cpp">
      <Filter>Source Files</Filter>
    </ClCompile>
    <ClCompile Include="src\doticu_skylib\math.cpp">
      <Filter>Source Files</Filter>
    </ClCompile>
    <ClCompile Include="src\doticu_skylib\virtual_game.cpp">
      <Filter>Source Files</Filter>
    </ClCompile>
    <ClCompile Include="src\doticu_skylib\quest_objective_state.cpp">
      <Filter>Source Files</Filter>
    </ClCompile>
    <ClCompile Include="src\doticu_skylib\quest_objective.cpp">
      <Filter>Source Files</Filter>
    </ClCompile>
    <ClCompile Include="src\doticu_skylib\rarity.cpp">
      <Filter>Source Files</Filter>
    </ClCompile>
    <ClCompile Include="src\doticu_skylib\translations.cpp">
      <Filter>Source Files</Filter>
    </ClCompile>
    <ClCompile Include="src\doticu_skylib\faction_and_rank.cpp">
      <Filter>Source Files</Filter>
    </ClCompile>
    <ClCompile Include="src\doticu_skylib\faction.cpp">
      <Filter>Source Files</Filter>
    </ClCompile>
    <ClCompile Include="src\doticu_skylib\keyword.cpp">
      <Filter>Source Files</Filter>
    </ClCompile>
    <ClCompile Include="src\doticu_skylib\read_write_lock.cpp">
      <Filter>Source Files</Filter>
    </ClCompile>
    <ClCompile Include="src\doticu_skylib\vitality.cpp">
      <Filter>Source Files</Filter>
    </ClCompile>
    <ClCompile Include="src\doticu_skylib\script_type.cpp">
      <Filter>Source Files</Filter>
    </ClCompile>
    <ClCompile Include="src\doticu_skylib\game_heap.cpp">
      <Filter>Source Files</Filter>
    </ClCompile>
  </ItemGroup>
  <ItemGroup>
    <None Include="include\doticu_skylib\extra_data.inl">
      <Filter>Header Files</Filter>
    </None>
    <None Include="include\doticu_skylib\extra_list.inl">
      <Filter>Header Files</Filter>
    </None>
    <None Include="include\doticu_skylib\ui.inl">
      <Filter>Header Files</Filter>
    </None>
    <None Include="include\doticu_skylib\forward_list.inl">
      <Filter>Header Files</Filter>
    </None>
    <None Include="include\doticu_skylib\game.inl">
      <Filter>Header Files</Filter>
    </None>
    <None Include="include\doticu_skylib\virtual_variable.inl">
      <Filter>Header Files</Filter>
    </None>
  </ItemGroup>
</Project>