<?xml version="1.0" encoding="utf-8"?>
<Project ToolsVersion="4.0" xmlns="http://schemas.microsoft.com/developer/msbuild/2003">
  <ItemGroup>
    <Filter Include="Source Files">
      <UniqueIdentifier>{4FC737F1-C7A5-4376-A066-2A32D752A2FF}</UniqueIdentifier>
      <Extensions>cpp;c;cc;cxx;c++;def;odl;idl;hpj;bat;asm;asmx</Extensions>
    </Filter>
    <Filter Include="Header Files">
      <UniqueIdentifier>{93995380-89BD-4b04-88EB-625FBE52EBFB}</UniqueIdentifier>
      <Extensions>h;hh;hpp;hxx;h++;hm;inl;inc;ipp;xsd</Extensions>
    </Filter>
    <Filter Include="Resource Files">
      <UniqueIdentifier>{67DA6AB6-F800-4c08-8B7A-83BB121AAD01}</UniqueIdentifier>
      <Extensions>rc;ico;cur;bmp;dlg;rc2;rct;bin;rgs;gif;jpg;jpeg;jpe;resx;tiff;tif;png;wav;mfcribbon-ms</Extensions>
    </Filter>
    <Filter Include="Header Files\component">
      <UniqueIdentifier>{fdfdab04-e334-4494-a2fc-ba14444f59c4}</UniqueIdentifier>
    </Filter>
    <Filter Include="Header Files\enum">
      <UniqueIdentifier>{46fc80aa-1a9b-428a-8717-7ebabe3a5414}</UniqueIdentifier>
    </Filter>
    <Filter Include="Header Files\virtual">
      <UniqueIdentifier>{ff049d30-803f-4ed4-8d78-021f6539baa4}</UniqueIdentifier>
    </Filter>
    <Filter Include="Header Files\extra">
      <UniqueIdentifier>{3070bc99-2ad6-4d1b-8a56-67ab82148b63}</UniqueIdentifier>
    </Filter>
    <Filter Include="Header Files\filter">
      <UniqueIdentifier>{74cb22ab-e2cb-4a7c-913b-a9ed48f61813}</UniqueIdentifier>
    </Filter>
    <Filter Include="Header Files\package">
      <UniqueIdentifier>{883b714b-3472-4c78-8788-5f06574d42b4}</UniqueIdentifier>
    </Filter>
  </ItemGroup>
  <ItemGroup>
    <ClInclude Include="include\doticu_skylib\intrinsic.h">
      <Filter>Header Files</Filter>
    </ClInclude>
    <ClInclude Include="include\doticu_skylib\form.h">
      <Filter>Header Files</Filter>
    </ClInclude>
    <ClInclude Include="include\doticu_skylib\game.h">
      <Filter>Header Files</Filter>
    </ClInclude>
    <ClInclude Include="include\doticu_skylib\quest.h">
      <Filter>Header Files</Filter>
    </ClInclude>
    <ClInclude Include="include\doticu_skylib\ui.h">
      <Filter>Header Files</Filter>
    </ClInclude>
    <ClInclude Include="include\doticu_skylib\string.h">
      <Filter>Header Files</Filter>
    </ClInclude>
    <ClInclude Include="include\doticu_skylib\cell.h">
      <Filter>Header Files</Filter>
    </ClInclude>
    <ClInclude Include="include\doticu_skylib\reference.h">
      <Filter>Header Files</Filter>
    </ClInclude>
    <ClInclude Include="include\doticu_skylib\actor_base.h">
      <Filter>Header Files</Filter>
    </ClInclude>
    <ClInclude Include="include\doticu_skylib\actor.h">
      <Filter>Header Files</Filter>
    </ClInclude>
    <ClInclude Include="include\doticu_skylib\worldspace.h">
      <Filter>Header Files</Filter>
    </ClInclude>
    <ClInclude Include="include\doticu_skylib\collections.h">
      <Filter>Header Files</Filter>
    </ClInclude>
    <ClInclude Include="include\doticu_skylib\leveled_actor_base.h">
      <Filter>Header Files</Filter>
    </ClInclude>
    <ClInclude Include="include\doticu_skylib\global.h">
      <Filter>Header Files</Filter>
    </ClInclude>
    <ClInclude Include="include\doticu_skylib\relation.h">
      <Filter>Header Files</Filter>
    </ClInclude>
    <ClInclude Include="include\doticu_skylib\race.h">
      <Filter>Header Files</Filter>
    </ClInclude>
    <ClInclude Include="include\doticu_skylib\mod.h">
      <Filter>Header Files</Filter>
    </ClInclude>
    <ClInclude Include="include\doticu_skylib\location.h">
      <Filter>Header Files</Filter>
    </ClInclude>
    <ClInclude Include="include\doticu_skylib\skylib.h">
      <Filter>Header Files</Filter>
    </ClInclude>
    <ClInclude Include="include\doticu_skylib\form_type.h">
      <Filter>Header Files</Filter>
    </ClInclude>
    <ClInclude Include="include\doticu_skylib\script.h">
      <Filter>Header Files</Filter>
    </ClInclude>
    <ClInclude Include="include\doticu_skylib\player.h">
      <Filter>Header Files</Filter>
    </ClInclude>
    <ClInclude Include="include\doticu_skylib\maybe.h">
      <Filter>Header Files</Filter>
    </ClInclude>
    <ClInclude Include="include\doticu_skylib\interface.h">
      <Filter>Header Files</Filter>
    </ClInclude>
    <ClInclude Include="include\doticu_skylib\cstring.h">
      <Filter>Header Files</Filter>
    </ClInclude>
    <ClInclude Include="include\doticu_skylib\magic_target.h">
      <Filter>Header Files</Filter>
    </ClInclude>
    <ClInclude Include="include\doticu_skylib\actor_state.h">
      <Filter>Header Files</Filter>
    </ClInclude>
    <ClInclude Include="include\doticu_skylib\sex.h">
      <Filter>Header Files</Filter>
    </ClInclude>
    <ClInclude Include="include\doticu_skylib\faction.h">
      <Filter>Header Files</Filter>
    </ClInclude>
    <ClInclude Include="include\doticu_skylib\form_factory.h">
      <Filter>Header Files</Filter>
    </ClInclude>
    <ClInclude Include="include\doticu_skylib\unknown.h">
      <Filter>Header Files</Filter>
    </ClInclude>
    <ClInclude Include="include\doticu_skylib\reference_count.h">
      <Filter>Header Files</Filter>
    </ClInclude>
    <ClInclude Include="include\doticu_skylib\object.h">
      <Filter>Header Files</Filter>
    </ClInclude>
    <ClInclude Include="include\doticu_skylib\bound_object.h">
      <Filter>Header Files</Filter>
    </ClInclude>
    <ClInclude Include="include\doticu_skylib\animated_object.h">
      <Filter>Header Files</Filter>
    </ClInclude>
    <ClInclude Include="include\doticu_skylib\actor_values.h">
      <Filter>Header Files</Filter>
    </ClInclude>
    <ClInclude Include="include\doticu_skylib\reference_handle.h">
      <Filter>Header Files</Filter>
    </ClInclude>
    <ClInclude Include="include\doticu_skylib\form_id.h">
      <Filter>Header Files</Filter>
    </ClInclude>
    <ClInclude Include="include\doticu_skylib\alias_reference.h">
      <Filter>Header Files</Filter>
    </ClInclude>
    <ClInclude Include="include\doticu_skylib\alias_base.h">
      <Filter>Header Files</Filter>
    </ClInclude>
    <ClInclude Include="include\doticu_skylib\alias_id.h">
      <Filter>Header Files</Filter>
    </ClInclude>
    <ClInclude Include="include\doticu_skylib\keyword.h">
      <Filter>Header Files</Filter>
    </ClInclude>
    <ClInclude Include="include\doticu_skylib\location_reference_type.h">
      <Filter>Header Files</Filter>
    </ClInclude>
    <ClInclude Include="include\doticu_skylib\math.h">
      <Filter>Header Files</Filter>
    </ClInclude>
    <ClInclude Include="include\doticu_skylib\form_flags.h">
      <Filter>Header Files</Filter>
    </ClInclude>
    <ClInclude Include="include\doticu_skylib\read_write_lock.h">
      <Filter>Header Files</Filter>
    </ClInclude>
    <ClInclude Include="include\doticu_skylib\quest_objective.h">
      <Filter>Header Files</Filter>
    </ClInclude>
    <ClInclude Include="include\doticu_skylib\quest_target.h">
      <Filter>Header Files</Filter>
    </ClInclude>
    <ClInclude Include="include\doticu_skylib\forward_list.h">
      <Filter>Header Files</Filter>
    </ClInclude>
    <ClInclude Include="include\doticu_skylib\quest_objective_state.h">
      <Filter>Header Files</Filter>
    </ClInclude>
    <ClInclude Include="include\doticu_skylib\rarity.h">
      <Filter>Header Files</Filter>
    </ClInclude>
    <ClInclude Include="include\doticu_skylib\translations.h">
      <Filter>Header Files</Filter>
    </ClInclude>
    <ClInclude Include="include\doticu_skylib\faction_and_rank.h">
      <Filter>Header Files</Filter>
    </ClInclude>
    <ClInclude Include="include\doticu_skylib\vitality.h">
      <Filter>Header Files</Filter>
    </ClInclude>
    <ClInclude Include="include\doticu_skylib\version.h">
      <Filter>Header Files</Filter>
    </ClInclude>
    <ClInclude Include="include\doticu_skylib\script_type.h">
      <Filter>Header Files</Filter>
    </ClInclude>
    <ClInclude Include="include\doticu_skylib\game_macros.h">
      <Filter>Header Files</Filter>
    </ClInclude>
    <ClInclude Include="include\doticu_skylib\traits.h">
      <Filter>Header Files</Filter>
    </ClInclude>
    <ClInclude Include="include\doticu_skylib\game_ini.h">
      <Filter>Header Files</Filter>
    </ClInclude>
    <ClInclude Include="include\doticu_skylib\season.h">
      <Filter>Header Files</Filter>
    </ClInclude>
    <ClInclude Include="include\doticu_skylib\activator.h">
      <Filter>Header Files</Filter>
    </ClInclude>
    <ClInclude Include="include\doticu_skylib\flora.h">
      <Filter>Header Files</Filter>
    </ClInclude>
    <ClInclude Include="include\doticu_skylib\active_magic_effect.h">
      <Filter>Header Files</Filter>
    </ClInclude>
    <ClInclude Include="include\doticu_skylib\form_list.h">
      <Filter>Header Files</Filter>
    </ClInclude>
    <ClInclude Include="include\doticu_skylib\armor.h">
      <Filter>Header Files</Filter>
    </ClInclude>
    <ClInclude Include="include\doticu_skylib\effect_shader.h">
      <Filter>Header Files</Filter>
    </ClInclude>
    <ClInclude Include="include\doticu_skylib\misc.h">
      <Filter>Header Files</Filter>
    </ClInclude>
    <ClInclude Include="include\doticu_skylib\os.h">
      <Filter>Header Files</Filter>
    </ClInclude>
    <ClInclude Include="include\doticu_skylib\static.h">
      <Filter>Header Files</Filter>
    </ClInclude>
    <ClInclude Include="include\doticu_skylib\weapon.h">
      <Filter>Header Files</Filter>
    </ClInclude>
    <ClInclude Include="include\doticu_skylib\container.h">
      <Filter>Header Files</Filter>
    </ClInclude>
    <ClInclude Include="include\doticu_skylib\perk.h">
      <Filter>Header Files</Filter>
    </ClInclude>
    <ClInclude Include="include\doticu_skylib\leveled_item.h">
      <Filter>Header Files</Filter>
    </ClInclude>
    <ClInclude Include="include\doticu_skylib\outfit.h">
      <Filter>Header Files</Filter>
    </ClInclude>
    <ClInclude Include="include\doticu_skylib\furniture.h">
      <Filter>Header Files</Filter>
    </ClInclude>
    <ClInclude Include="include\doticu_skylib\character.h">
      <Filter>Header Files</Filter>
    </ClInclude>
    <ClInclude Include="include\doticu_skylib\magic_effect.h">
      <Filter>Header Files</Filter>
    </ClInclude>
    <ClInclude Include="include\doticu_skylib\component_active_effects.h">
      <Filter>Header Files\component</Filter>
    </ClInclude>
    <ClInclude Include="include\doticu_skylib\component_actor_base_data.h">
      <Filter>Header Files\component</Filter>
    </ClInclude>
    <ClInclude Include="include\doticu_skylib\component_ai.h">
      <Filter>Header Files\component</Filter>
    </ClInclude>
    <ClInclude Include="include\doticu_skylib\component_attack_damage.h">
      <Filter>Header Files\component</Filter>
    </ClInclude>
    <ClInclude Include="include\doticu_skylib\component_attack_data.h">
      <Filter>Header Files\component</Filter>
    </ClInclude>
    <ClInclude Include="include\doticu_skylib\component_biped_model.h">
      <Filter>Header Files\component</Filter>
    </ClInclude>
    <ClInclude Include="include\doticu_skylib\component_biped_object.h">
      <Filter>Header Files\component</Filter>
    </ClInclude>
    <ClInclude Include="include\doticu_skylib\component_block_bash.h">
      <Filter>Header Files\component</Filter>
    </ClInclude>
    <ClInclude Include="include\doticu_skylib\component_container.h">
      <Filter>Header Files\component</Filter>
    </ClInclude>
    <ClInclude Include="include\doticu_skylib\component_description.h">
      <Filter>Header Files\component</Filter>
    </ClInclude>
    <ClInclude Include="include\doticu_skylib\component_destructible.h">
      <Filter>Header Files\component</Filter>
    </ClInclude>
    <ClInclude Include="include\doticu_skylib\component_enchantable.h">
      <Filter>Header Files\component</Filter>
    </ClInclude>
    <ClInclude Include="include\doticu_skylib\component_equip_slot.h">
      <Filter>Header Files\component</Filter>
    </ClInclude>
    <ClInclude Include="include\doticu_skylib\component_form_data.h">
      <Filter>Header Files\component</Filter>
    </ClInclude>
    <ClInclude Include="include\doticu_skylib\component_grab_sounds.h">
      <Filter>Header Files\component</Filter>
    </ClInclude>
    <ClInclude Include="include\doticu_skylib\component_harvest.h">
      <Filter>Header Files\component</Filter>
    </ClInclude>
    <ClInclude Include="include\doticu_skylib\component_icon.h">
      <Filter>Header Files\component</Filter>
    </ClInclude>
    <ClInclude Include="include\doticu_skylib\component_keywords.h">
      <Filter>Header Files\component</Filter>
    </ClInclude>
    <ClInclude Include="include\doticu_skylib\component_leveled.h">
      <Filter>Header Files\component</Filter>
    </ClInclude>
    <ClInclude Include="include\doticu_skylib\component_menu_display.h">
      <Filter>Header Files\component</Filter>
    </ClInclude>
    <ClInclude Include="include\doticu_skylib\component_message_icon.h">
      <Filter>Header Files\component</Filter>
    </ClInclude>
    <ClInclude Include="include\doticu_skylib\component_model.h">
      <Filter>Header Files\component</Filter>
    </ClInclude>
    <ClInclude Include="include\doticu_skylib\component_model_alternates.h">
      <Filter>Header Files\component</Filter>
    </ClInclude>
    <ClInclude Include="include\doticu_skylib\component_name.h">
      <Filter>Header Files\component</Filter>
    </ClInclude>
    <ClInclude Include="include\doticu_skylib\component_openable.h">
      <Filter>Header Files\component</Filter>
    </ClInclude>
    <ClInclude Include="include\doticu_skylib\component_package_override.h">
      <Filter>Header Files\component</Filter>
    </ClInclude>
    <ClInclude Include="include\doticu_skylib\component_perks.h">
      <Filter>Header Files\component</Filter>
    </ClInclude>
    <ClInclude Include="include\doticu_skylib\component_preloadable.h">
      <Filter>Header Files\component</Filter>
    </ClInclude>
    <ClInclude Include="include\doticu_skylib\component_race.h">
      <Filter>Header Files\component</Filter>
    </ClInclude>
    <ClInclude Include="include\doticu_skylib\component_reaction.h">
      <Filter>Header Files\component</Filter>
    </ClInclude>
    <ClInclude Include="include\doticu_skylib\component_skin.h">
      <Filter>Header Files\component</Filter>
    </ClInclude>
    <ClInclude Include="include\doticu_skylib\component_texture.h">
      <Filter>Header Files\component</Filter>
    </ClInclude>
    <ClInclude Include="include\doticu_skylib\component_value.h">
      <Filter>Header Files\component</Filter>
    </ClInclude>
    <ClInclude Include="include\doticu_skylib\component_weight.h">
      <Filter>Header Files\component</Filter>
    </ClInclude>
    <ClInclude Include="include\doticu_skylib\enum.h">
      <Filter>Header Files\enum</Filter>
    </ClInclude>
    <ClInclude Include="include\doticu_skylib\enum_activator_flags.h">
      <Filter>Header Files\enum</Filter>
    </ClInclude>
    <ClInclude Include="include\doticu_skylib\enum_actor_base_flags.h">
      <Filter>Header Files\enum</Filter>
    </ClInclude>
    <ClInclude Include="include\doticu_skylib\enum_actor_base_template_flags.h">
      <Filter>Header Files\enum</Filter>
    </ClInclude>
    <ClInclude Include="include\doticu_skylib\enum_actor_flags.h">
      <Filter>Header Files\enum</Filter>
    </ClInclude>
    <ClInclude Include="include\doticu_skylib\enum_actor_value.h">
      <Filter>Header Files\enum</Filter>
    </ClInclude>
    <ClInclude Include="include\doticu_skylib\enum_actor_value_modifier.h">
      <Filter>Header Files\enum</Filter>
    </ClInclude>
    <ClInclude Include="include\doticu_skylib\enum_alias_fill.h">
      <Filter>Header Files\enum</Filter>
    </ClInclude>
    <ClInclude Include="include\doticu_skylib\enum_alias_flags.h">
      <Filter>Header Files\enum</Filter>
    </ClInclude>
    <ClInclude Include="include\doticu_skylib\enum_armor.h">
      <Filter>Header Files\enum</Filter>
    </ClInclude>
    <ClInclude Include="include\doticu_skylib\enum_biped_slots.h">
      <Filter>Header Files\enum</Filter>
    </ClInclude>
    <ClInclude Include="include\doticu_skylib\enum_cell_flags.h">
      <Filter>Header Files\enum</Filter>
    </ClInclude>
    <ClInclude Include="include\doticu_skylib\enum_cell_state.h">
      <Filter>Header Files\enum</Filter>
    </ClInclude>
    <ClInclude Include="include\doticu_skylib\enum_container_flags.h">
      <Filter>Header Files\enum</Filter>
    </ClInclude>
    <ClInclude Include="include\doticu_skylib\enum_day.h">
      <Filter>Header Files\enum</Filter>
    </ClInclude>
    <ClInclude Include="include\doticu_skylib\enum_faction_flags.h">
      <Filter>Header Files\enum</Filter>
    </ClInclude>
    <ClInclude Include="include\doticu_skylib\enum_logic_gate.h">
      <Filter>Header Files\enum</Filter>
    </ClInclude>
    <ClInclude Include="include\doticu_skylib\enum_operator.h">
      <Filter>Header Files\enum</Filter>
    </ClInclude>
    <ClInclude Include="include\doticu_skylib\enum_package_flags.h">
      <Filter>Header Files\enum</Filter>
    </ClInclude>
    <ClInclude Include="include\doticu_skylib\enum_package_interrupt.h">
      <Filter>Header Files\enum</Filter>
    </ClInclude>
    <ClInclude Include="include\doticu_skylib\enum_package_interrupts.h">
      <Filter>Header Files\enum</Filter>
    </ClInclude>
    <ClInclude Include="include\doticu_skylib\enum_package_location.h">
      <Filter>Header Files\enum</Filter>
    </ClInclude>
    <ClInclude Include="include\doticu_skylib\enum_package_procedure.h">
      <Filter>Header Files\enum</Filter>
    </ClInclude>
    <ClInclude Include="include\doticu_skylib\enum_package_target.h">
      <Filter>Header Files\enum</Filter>
    </ClInclude>
    <ClInclude Include="include\doticu_skylib\enum_package_value.h">
      <Filter>Header Files\enum</Filter>
    </ClInclude>
    <ClInclude Include="include\doticu_skylib\enum_preferred_speed.h">
      <Filter>Header Files\enum</Filter>
    </ClInclude>
    <ClInclude Include="include\doticu_skylib\enum_static_flags.h">
      <Filter>Header Files\enum</Filter>
    </ClInclude>
    <ClInclude Include="include\doticu_skylib\enum_weapon_state.h">
      <Filter>Header Files\enum</Filter>
    </ClInclude>
    <ClInclude Include="include\doticu_skylib\virtual.h">
      <Filter>Header Files\virtual</Filter>
    </ClInclude>
    <ClInclude Include="include\doticu_skylib\virtual_arguments.h">
      <Filter>Header Files\virtual</Filter>
    </ClInclude>
    <ClInclude Include="include\doticu_skylib\virtual_array.h">
      <Filter>Header Files\virtual</Filter>
    </ClInclude>
    <ClInclude Include="include\doticu_skylib\virtual_binder.h">
      <Filter>Header Files\virtual</Filter>
    </ClInclude>
    <ClInclude Include="include\doticu_skylib\virtual_callback.h">
      <Filter>Header Files\virtual</Filter>
    </ClInclude>
    <ClInclude Include="include\doticu_skylib\virtual_class.h">
      <Filter>Header Files\virtual</Filter>
    </ClInclude>
    <ClInclude Include="include\doticu_skylib\virtual_function.h">
      <Filter>Header Files\virtual</Filter>
    </ClInclude>
    <ClInclude Include="include\doticu_skylib\virtual_game.h">
      <Filter>Header Files\virtual</Filter>
    </ClInclude>
    <ClInclude Include="include\doticu_skylib\virtual_handle.h">
      <Filter>Header Files\virtual</Filter>
    </ClInclude>
    <ClInclude Include="include\doticu_skylib\virtual_machine.h">
      <Filter>Header Files\virtual</Filter>
    </ClInclude>
    <ClInclude Include="include\doticu_skylib\virtual_macros.h">
      <Filter>Header Files\virtual</Filter>
    </ClInclude>
    <ClInclude Include="include\doticu_skylib\virtual_method.h">
      <Filter>Header Files\virtual</Filter>
    </ClInclude>
    <ClInclude Include="include\doticu_skylib\virtual_object.h">
      <Filter>Header Files\virtual</Filter>
    </ClInclude>
    <ClInclude Include="include\doticu_skylib\virtual_policy.h">
      <Filter>Header Files\virtual</Filter>
    </ClInclude>
    <ClInclude Include="include\doticu_skylib\virtual_static.h">
      <Filter>Header Files\virtual</Filter>
    </ClInclude>
    <ClInclude Include="include\doticu_skylib\virtual_type.h">
      <Filter>Header Files\virtual</Filter>
    </ClInclude>
    <ClInclude Include="include\doticu_skylib\virtual_utils.h">
      <Filter>Header Files\virtual</Filter>
    </ClInclude>
    <ClInclude Include="include\doticu_skylib\virtual_variable.h">
      <Filter>Header Files\virtual</Filter>
    </ClInclude>
    <ClInclude Include="include\doticu_skylib\extra_aliases.h">
      <Filter>Header Files\extra</Filter>
    </ClInclude>
    <ClInclude Include="include\doticu_skylib\extra_data.h">
      <Filter>Header Files\extra</Filter>
    </ClInclude>
    <ClInclude Include="include\doticu_skylib\extra_factions_and_ranks.h">
      <Filter>Header Files\extra</Filter>
    </ClInclude>
    <ClInclude Include="include\doticu_skylib\extra_list.h">
      <Filter>Header Files\extra</Filter>
    </ClInclude>
    <ClInclude Include="include\doticu_skylib\extra_location.h">
      <Filter>Header Files\extra</Filter>
    </ClInclude>
    <ClInclude Include="include\doticu_skylib\filter.h">
      <Filter>Header Files\filter</Filter>
    </ClInclude>
    <ClInclude Include="include\doticu_skylib\filter.inl">
      <Filter>Header Files\filter</Filter>
    </ClInclude>
    <ClInclude Include="include\doticu_skylib\filter_base_form_types.h">
      <Filter>Header Files\filter</Filter>
    </ClInclude>
    <ClInclude Include="include\doticu_skylib\filter_bases.h">
      <Filter>Header Files\filter</Filter>
    </ClInclude>
    <ClInclude Include="include\doticu_skylib\filter_deleted.h">
      <Filter>Header Files\filter</Filter>
    </ClInclude>
    <ClInclude Include="include\doticu_skylib\filter_distances.h">
      <Filter>Header Files\filter</Filter>
    </ClInclude>
    <ClInclude Include="include\doticu_skylib\filter_enabled.h">
      <Filter>Header Files\filter</Filter>
    </ClInclude>
    <ClInclude Include="include\doticu_skylib\filter_form_types.h">
      <Filter>Header Files\filter</Filter>
    </ClInclude>
    <ClInclude Include="include\doticu_skylib\filter_keywords.h">
      <Filter>Header Files\filter</Filter>
    </ClInclude>
    <ClInclude Include="include\doticu_skylib\package.h">
      <Filter>Header Files\package</Filter>
    </ClInclude>
    <ClInclude Include="include\doticu_skylib\package_bool_value.h">
      <Filter>Header Files\package</Filter>
    </ClInclude>
    <ClInclude Include="include\doticu_skylib\package_data.h">
      <Filter>Header Files\package</Filter>
    </ClInclude>
    <ClInclude Include="include\doticu_skylib\package_float_value.h">
      <Filter>Header Files\package</Filter>
    </ClInclude>
    <ClInclude Include="include\doticu_skylib\package_int_value.h">
      <Filter>Header Files\package</Filter>
    </ClInclude>
    <ClInclude Include="include\doticu_skylib\package_location.h">
      <Filter>Header Files\package</Filter>
    </ClInclude>
    <ClInclude Include="include\doticu_skylib\package_location_value.h">
      <Filter>Header Files\package</Filter>
    </ClInclude>
    <ClInclude Include="include\doticu_skylib\package_reference_value.h">
      <Filter>Header Files\package</Filter>
    </ClInclude>
    <ClInclude Include="include\doticu_skylib\package_schedule.h">
      <Filter>Header Files\package</Filter>
    </ClInclude>
    <ClInclude Include="include\doticu_skylib\package_target.h">
      <Filter>Header Files\package</Filter>
    </ClInclude>
    <ClInclude Include="include\doticu_skylib\package_topic_value.h">
      <Filter>Header Files\package</Filter>
    </ClInclude>
    <ClInclude Include="include\doticu_skylib\package_value.h">
      <Filter>Header Files\package</Filter>
    </ClInclude>
    <ClInclude Include="include\doticu_skylib\extra_owner.h">
      <Filter>Header Files\extra</Filter>
    </ClInclude>
    <ClInclude Include="include\doticu_skylib\encounter_zone.h">
      <Filter>Header Files</Filter>
    </ClInclude>
    <ClInclude Include="include\doticu_skylib\enum_encounter_zone_flags.h">
      <Filter>Header Files\enum</Filter>
    </ClInclude>
    <ClInclude Include="include\doticu_skylib\faction_rank.h">
      <Filter>Header Files</Filter>
    </ClInclude>
    <ClInclude Include="include\doticu_skylib\extra_encounter_zone.h">
      <Filter>Header Files\extra</Filter>
    </ClInclude>
    <ClInclude Include="include\doticu_skylib\filter_owners.h">
      <Filter>Header Files\filter</Filter>
    </ClInclude>
    <ClInclude Include="include\doticu_skylib\filter_potential_thieves.h">
      <Filter>Header Files\filter</Filter>
    </ClInclude>
    <ClInclude Include="include\doticu_skylib\extra_followers.h">
      <Filter>Header Files\extra</Filter>
    </ClInclude>
    <ClInclude Include="include\doticu_skylib\enum_soul_level.h">
      <Filter>Header Files\enum</Filter>
    </ClInclude>
    <ClInclude Include="include\doticu_skylib\extra_outfit.h">
      <Filter>Header Files\extra</Filter>
    </ClInclude>
    <ClInclude Include="include\doticu_skylib\extra_ghost.h">
      <Filter>Header Files\extra</Filter>
    </ClInclude>
    <ClInclude Include="include\doticu_skylib\extra_flags.h">
      <Filter>Header Files\extra</Filter>
    </ClInclude>
    <ClInclude Include="include\doticu_skylib\enum_extra_flags.h">
      <Filter>Header Files\enum</Filter>
    </ClInclude>
    <ClInclude Include="include\doticu_skylib\extra_talk_to_player.h">
      <Filter>Header Files\extra</Filter>
    </ClInclude>
    <ClInclude Include="include\doticu_skylib\extra_text_display.h">
      <Filter>Header Files\extra</Filter>
    </ClInclude>
    <ClInclude Include="include\doticu_skylib\message.h">
      <Filter>Header Files</Filter>
    </ClInclude>
    <ClInclude Include="include\doticu_skylib\menu_icon.h">
      <Filter>Header Files</Filter>
    </ClInclude>
    <ClInclude Include="include\doticu_skylib\enum_message_flags.h">
      <Filter>Header Files\enum</Filter>
    </ClInclude>
    <ClInclude Include="include\doticu_skylib\extra_container_changes.h">
      <Filter>Header Files\extra</Filter>
    </ClInclude>
    <ClInclude Include="include\doticu_skylib\container_changes.h">
      <Filter>Header Files</Filter>
    </ClInclude>
    <ClInclude Include="include\doticu_skylib\container_entry_extra.h">
      <Filter>Header Files</Filter>
    </ClInclude>
    <ClInclude Include="include\doticu_skylib\container_entry.h">
      <Filter>Header Files</Filter>
    </ClInclude>
    <ClInclude Include="include\doticu_skylib\container_changes_entry.h">
      <Filter>Header Files</Filter>
    </ClInclude>
    <ClInclude Include="include\doticu_skylib\leveled_entry.h">
      <Filter>Header Files</Filter>
    </ClInclude>
    <ClInclude Include="include\doticu_skylib\extra_count.h">
      <Filter>Header Files\extra</Filter>
    </ClInclude>
    <ClInclude Include="include\doticu_skylib\extra_interaction.h">
      <Filter>Header Files\extra</Filter>
    </ClInclude>
    <ClInclude Include="include\doticu_skylib\enum_extra_text_display_type.h">
      <Filter>Header Files\enum</Filter>
    </ClInclude>
    <ClInclude Include="include\doticu_skylib\enum_model_update_flags.h">
      <Filter>Header Files\enum</Filter>
    </ClInclude>
    <ClInclude Include="include\doticu_skylib\atomic_count.h">
      <Filter>Header Files</Filter>
    </ClInclude>
    <ClInclude Include="include\doticu_skylib\spell.h">
      <Filter>Header Files</Filter>
    </ClInclude>
    <ClInclude Include="include\doticu_skylib\magic_base.h">
      <Filter>Header Files</Filter>
    </ClInclude>
    <ClInclude Include="include\doticu_skylib\enum_spell_flags.h">
      <Filter>Header Files</Filter>
    </ClInclude>
    <ClInclude Include="include\doticu_skylib\enum_magic_type.h">
      <Filter>Header Files</Filter>
    </ClInclude>
    <ClInclude Include="include\doticu_skylib\enum_magic_cast_type.h">
      <Filter>Header Files</Filter>
    </ClInclude>
    <ClInclude Include="include\doticu_skylib\enum_magic_delivery.h">
      <Filter>Header Files</Filter>
    </ClInclude>
    <ClInclude Include="include\doticu_skylib\magic_effect_instance.h">
      <Filter>Header Files</Filter>
    </ClInclude>
    <ClInclude Include="include\doticu_skylib\dialogue_branch.h">
      <Filter>Header Files</Filter>
    </ClInclude>
    <ClInclude Include="include\doticu_skylib\dialogue_info.h">
      <Filter>Header Files</Filter>
    </ClInclude>
    <ClInclude Include="include\doticu_skylib\dialogue_info_instance.h">
      <Filter>Header Files</Filter>
    </ClInclude>
    <ClInclude Include="include\doticu_skylib\dialogue_topic.h">
      <Filter>Header Files</Filter>
    </ClInclude>
    <ClInclude Include="include\doticu_skylib\dialogue_response.h">
      <Filter>Header Files</Filter>
    </ClInclude>
    <ClInclude Include="include\doticu_skylib\enum_dialogue_branch_flags.h">
      <Filter>Header Files</Filter>
    </ClInclude>
    <ClInclude Include="include\doticu_skylib\enum_dialogue_branch_type.h">
      <Filter>Header Files</Filter>
    </ClInclude>
    <ClInclude Include="include\doticu_skylib\enum_dialogue_topic_type.h">
      <Filter>Header Files</Filter>
    </ClInclude>
    <ClInclude Include="include\doticu_skylib\enum_dialogue_topic_subtype.h">
      <Filter>Header Files</Filter>
    </ClInclude>
    <ClInclude Include="include\doticu_skylib\enum_dialogue_topic_flags.h">
      <Filter>Header Files</Filter>
    </ClInclude>
    <ClInclude Include="include\doticu_skylib\enum_dialogue_info_flags.h">
      <Filter>Header Files</Filter>
    </ClInclude>
    <ClInclude Include="include\doticu_skylib\dialogue_response_instance.h">
      <Filter>Header Files</Filter>
    </ClInclude>
    <ClInclude Include="include\doticu_skylib\enum_favor_level.h">
      <Filter>Header Files</Filter>
    </ClInclude>
    <ClInclude Include="include\doticu_skylib\enum_emotion_type.h">
      <Filter>Header Files</Filter>
    </ClInclude>
    <ClInclude Include="include\doticu_skylib\enum_dialogue_response_flags.h">
      <Filter>Header Files</Filter>
    </ClInclude>
    <ClInclude Include="include\doticu_skylib\enum_quest_flags.h">
      <Filter>Header Files</Filter>
    </ClInclude>
    <ClInclude Include="include\doticu_skylib\enum_quest_type.h">
      <Filter>Header Files</Filter>
    </ClInclude>
    <ClInclude Include="include\doticu_skylib\enum_quest_event.h">
      <Filter>Header Files</Filter>
    </ClInclude>
    <ClInclude Include="include\doticu_skylib\enum_global_type.h">
      <Filter>Header Files</Filter>
    </ClInclude>
    <ClInclude Include="include\doticu_skylib\maybe_numeric.h">
      <Filter>Header Files</Filter>
    </ClInclude>
    <ClInclude Include="include\doticu_skylib\mod_index.h">
      <Filter>Header Files</Filter>
    </ClInclude>
    <ClInclude Include="include\doticu_skylib\form_index.h">
      <Filter>Header Files</Filter>
    </ClInclude>
    <ClInclude Include="include\doticu_skylib\extra_collision_layer.h">
      <Filter>Header Files</Filter>
    </ClInclude>
    <ClInclude Include="include\doticu_skylib\enum_collision_layer_type.h">
      <Filter>Header Files</Filter>
    </ClInclude>
    <ClInclude Include="include\doticu_skylib\enum_actor_critical_stage.h">
      <Filter>Header Files</Filter>
    </ClInclude>
    <ClInclude Include="include\doticu_skylib\actor_ai.h">
      <Filter>Header Files</Filter>
    </ClInclude>
    <ClInclude Include="include\doticu_skylib\actor_high_ai.h">
      <Filter>Header Files</Filter>
    </ClInclude>
    <ClInclude Include="include\doticu_skylib\dynatomic_count.h">
      <Filter>Header Files</Filter>
    </ClInclude>
    <ClInclude Include="include\doticu_skylib\enum_reference_count_flags.h">
      <Filter>Header Files</Filter>
    </ClInclude>
    <ClInclude Include="include\doticu_skylib\enum_actor_controller_flags.h">
      <Filter>Header Files</Filter>
    </ClInclude>
    <ClInclude Include="include\doticu_skylib\ni_object.h">
      <Filter>Header Files</Filter>
    </ClInclude>
    <ClInclude Include="include\doticu_skylib\ni_extra_bounds.h">
      <Filter>Header Files</Filter>
    </ClInclude>
    <ClInclude Include="include\doticu_skylib\havok_step_time.h">
      <Filter>Header Files</Filter>
    </ClInclude>
    <ClInclude Include="include\doticu_skylib\havok_object.h">
      <Filter>Header Files</Filter>
    </ClInclude>
    <ClInclude Include="include\doticu_skylib\havok_entity.h">
      <Filter>Header Files</Filter>
    </ClInclude>
    <ClInclude Include="include\doticu_skylib\havok_rigid_body.h">
      <Filter>Header Files</Filter>
    </ClInclude>
    <ClInclude Include="include\doticu_skylib\havok_collidable.h">
      <Filter>Header Files</Filter>
    </ClInclude>
    <ClInclude Include="include\doticu_skylib\ni_extras.h">
      <Filter>Header Files</Filter>
    </ClInclude>
    <ClInclude Include="include\doticu_skylib\ni_extra.h">
      <Filter>Header Files</Filter>
    </ClInclude>
    <ClInclude Include="include\doticu_skylib\ni_3d.h">
      <Filter>Header Files</Filter>
    </ClInclude>
    <ClInclude Include="include\doticu_skylib\ni_point.h">
      <Filter>Header Files</Filter>
    </ClInclude>
    <ClInclude Include="include\doticu_skylib\ni_matrix.h">
      <Filter>Header Files</Filter>
    </ClInclude>
    <ClInclude Include="include\doticu_skylib\ni_transform.h">
      <Filter>Header Files</Filter>
    </ClInclude>
    <ClInclude Include="include\doticu_skylib\ni_bounds.h">
      <Filter>Header Files</Filter>
    </ClInclude>
    <ClInclude Include="include\doticu_skylib\enum_ni_3d_flags.h">
      <Filter>Header Files</Filter>
    </ClInclude>
    <ClInclude Include="include\doticu_skylib\havok_collidable_body.h">
      <Filter>Header Files</Filter>
    </ClInclude>
    <ClInclude Include="include\doticu_skylib\havok_reference.h">
      <Filter>Header Files</Filter>
    </ClInclude>
    <ClInclude Include="include\doticu_skylib\havok_body.h">
      <Filter>Header Files</Filter>
    </ClInclude>
    <ClInclude Include="include\doticu_skylib\ni_collidable.h">
      <Filter>Header Files</Filter>
    </ClInclude>
    <ClInclude Include="include\doticu_skylib\havok_collidable_base.h">
      <Filter>Header Files</Filter>
    </ClInclude>
    <ClInclude Include="include\doticu_skylib\havok_body_base.h">
      <Filter>Header Files</Filter>
    </ClInclude>
    <ClInclude Include="include\doticu_skylib\havok_reference_base.h">
      <Filter>Header Files</Filter>
    </ClInclude>
    <ClInclude Include="include\doticu_skylib\havok_saveable_base.h">
      <Filter>Header Files</Filter>
    </ClInclude>
    <ClInclude Include="include\doticu_skylib\enum_havok_collidable_base_flags.h">
      <Filter>Header Files</Filter>
    </ClInclude>
    <ClInclude Include="include\doticu_skylib\enum_havok_collidable_flags.h">
      <Filter>Header Files</Filter>
    </ClInclude>
    <ClInclude Include="include\doticu_skylib\havok_broad_phase_id.h">
      <Filter>Header Files</Filter>
    </ClInclude>
    <ClInclude Include="include\doticu_skylib\havok_broad_phase_handle.h">
      <Filter>Header Files</Filter>
    </ClInclude>
    <ClInclude Include="include\doticu_skylib\havok_collidable_links.h">
      <Filter>Header Files</Filter>
    </ClInclude>
    <ClInclude Include="include\doticu_skylib\ni_node.h">
      <Filter>Header Files</Filter>
    </ClInclude>
    <ClInclude Include="include\doticu_skylib\reference_attached_state.h">
      <Filter>Header Files</Filter>
    </ClInclude>
    <ClInclude Include="include\doticu_skylib\ni_update.h">
      <Filter>Header Files</Filter>
    </ClInclude>
    <ClInclude Include="include\doticu_skylib\enum_ni_update_flags.h">
      <Filter>Header Files</Filter>
    </ClInclude>
    <ClInclude Include="include\doticu_skylib\havok_array.h">
      <Filter>Header Files</Filter>
    </ClInclude>
    <ClInclude Include="include\doticu_skylib\havok_collidable_link.h">
      <Filter>Header Files</Filter>
    </ClInclude>
    <ClInclude Include="include\doticu_skylib\havok_rigid_body_base.h">
      <Filter>Header Files</Filter>
    </ClInclude>
    <ClInclude Include="include\doticu_skylib\havok_entity_base.h">
      <Filter>Header Files</Filter>
    </ClInclude>
    <ClInclude Include="include\doticu_skylib\actor_middle_high_ai.h">
      <Filter>Header Files</Filter>
    </ClInclude>
    <ClInclude Include="include\doticu_skylib\actor_middle_low_ai.h">
      <Filter>Header Files</Filter>
    </ClInclude>
    <ClInclude Include="include\doticu_skylib\enum_actor_ai_type.h">
      <Filter>Header Files</Filter>
    </ClInclude>
    <ClInclude Include="include\doticu_skylib\havok_actor_controller.h">
      <Filter>Header Files</Filter>
    </ClInclude>
    <ClInclude Include="include\doticu_skylib\havok_entity_listener.h">
      <Filter>Header Files</Filter>
    </ClInclude>
    <ClInclude Include="include\doticu_skylib\havok_phantom_listener.h">
      <Filter>Header Files</Filter>
    </ClInclude>
    <ClInclude Include="include\doticu_skylib\havok_collision.h">
      <Filter>Header Files</Filter>
    </ClInclude>
    <ClInclude Include="include\doticu_skylib\havok_quad.h">
      <Filter>Header Files</Filter>
    </ClInclude>
    <ClInclude Include="include\doticu_skylib\havok_player.h">
      <Filter>Header Files</Filter>
    </ClInclude>
    <ClInclude Include="include\doticu_skylib\havok_player_base.h">
      <Filter>Header Files</Filter>
    </ClInclude>
    <ClInclude Include="include\doticu_skylib\havok_player_listener.h">
      <Filter>Header Files</Filter>
    </ClInclude>
    <ClInclude Include="include\doticu_skylib\havok_player_controller.h">
      <Filter>Header Files</Filter>
    </ClInclude>
    <ClInclude Include="include\doticu_skylib\havok_player_ex.h">
      <Filter>Header Files</Filter>
    </ClInclude>
    <ClInclude Include="include\doticu_skylib\memory_heap.h">
      <Filter>Header Files</Filter>
    </ClInclude>
    <ClInclude Include="include\doticu_skylib\memory_virtual_heap.h">
      <Filter>Header Files</Filter>
    </ClInclude>
    <ClInclude Include="include\doticu_skylib\memory_physical_heap.h">
      <Filter>Header Files</Filter>
    </ClInclude>
    <ClInclude Include="include\doticu_skylib\memory_standard_heap.h">
      <Filter>Header Files</Filter>
    </ClInclude>
    <ClInclude Include="include\doticu_skylib\memory_allocator.h">
      <Filter>Header Files</Filter>
    </ClInclude>
    <ClInclude Include="include\doticu_skylib\memory_heap_snapshot.h">
      <Filter>Header Files</Filter>
    </ClInclude>
    <ClInclude Include="include\doticu_skylib\memory.h">
      <Filter>Header Files</Filter>
    </ClInclude>
    <ClInclude Include="include\doticu_skylib\memory_info.h">
      <Filter>Header Files</Filter>
    </ClInclude>
    <ClInclude Include="include\doticu_skylib\memory_info_snapshot.h">
      <Filter>Header Files</Filter>
    </ClInclude>
    <ClInclude Include="include\doticu_skylib\memory_heap_block.h">
      <Filter>Header Files</Filter>
    </ClInclude>
    <ClInclude Include="include\doticu_skylib\ni_rtti.h">
      <Filter>Header Files</Filter>
    </ClInclude>
    <ClInclude Include="include\doticu_skylib\ni_temp_effect.h">
      <Filter>Header Files</Filter>
    </ClInclude>
    <ClInclude Include="include\doticu_skylib\enum_ni_temp_effect_type.h">
      <Filter>Header Files</Filter>
    </ClInclude>
    <ClInclude Include="include\doticu_skylib\actor_handle.h">
      <Filter>Header Files</Filter>
    </ClInclude>
    <ClInclude Include="include\doticu_skylib\enum_crime_type.h">
      <Filter>Header Files</Filter>
    </ClInclude>
    <ClInclude Include="include\doticu_skylib\movement_ai_controller.h">
      <Filter>Header Files</Filter>
    </ClInclude>
    <ClInclude Include="include\doticu_skylib\movement_actor_controller.h">
      <Filter>Header Files</Filter>
    </ClInclude>
    <ClInclude Include="include\doticu_skylib\movement_register_controller.h">
      <Filter>Header Files</Filter>
    </ClInclude>
    <ClInclude Include="include\doticu_skylib\havok_actor_rigid_body_controller.h">
      <Filter>Header Files</Filter>
    </ClInclude>
    <ClInclude Include="include\doticu_skylib\havok_actor_rigid_body_listener.h">
      <Filter>Header Files</Filter>
    </ClInclude>
    <ClInclude Include="include\doticu_skylib\havok_actor_rigid_body_base.h">
      <Filter>Header Files</Filter>
    </ClInclude>
    <ClInclude Include="include\doticu_skylib\actor_ai_processor.h">
      <Filter>Header Files</Filter>
    </ClInclude>
    <ClInclude Include="include\doticu_skylib\filter_collision_layer_types.h">
      <Filter>Header Files</Filter>
    </ClInclude>
    <ClInclude Include="include\doticu_skylib\havok_world.h">
      <Filter>Header Files</Filter>
    </ClInclude>
    <ClInclude Include="include\doticu_skylib\unique.h">
      <Filter>Header Files</Filter>
    </ClInclude>
    <ClInclude Include="include\doticu_skylib\virtual_stack_id.h">
      <Filter>Header Files</Filter>
    </ClInclude>
    <ClInclude Include="include\doticu_skylib\extra_soul_level.h">
      <Filter>Header Files\extra</Filter>
    </ClInclude>
    <ClInclude Include="include\doticu_skylib\enum_extra_type.h">
      <Filter>Header Files\extra</Filter>
    </ClInclude>
    <ClInclude Include="include\doticu_skylib\container_entry_count.h">
      <Filter>Header Files</Filter>
    </ClInclude>
    <ClInclude Include="include\doticu_skylib\actor_container_entry.h">
      <Filter>Header Files</Filter>
    </ClInclude>
    <ClInclude Include="include\doticu_skylib\actor_container.h">
      <Filter>Header Files</Filter>
    </ClInclude>
  </ItemGroup>
  <ItemGroup>
    <ClCompile Include="src\doticu_skylib\game.cpp">
      <Filter>Source Files</Filter>
    </ClCompile>
    <ClCompile Include="src\doticu_skylib\quest.cpp">
      <Filter>Source Files</Filter>
    </ClCompile>
    <ClCompile Include="src\doticu_skylib\virtual_machine.cpp">
      <Filter>Source Files</Filter>
    </ClCompile>
    <ClCompile Include="src\doticu_skylib\virtual_handle.cpp">
      <Filter>Source Files</Filter>
    </ClCompile>
    <ClCompile Include="src\doticu_skylib\virtual_variable.cpp">
      <Filter>Source Files</Filter>
    </ClCompile>
    <ClCompile Include="src\doticu_skylib\virtual_type.cpp">
      <Filter>Source Files</Filter>
    </ClCompile>
    <ClCompile Include="src\doticu_skylib\virtual_policy.cpp">
      <Filter>Source Files</Filter>
    </ClCompile>
    <ClCompile Include="src\doticu_skylib\ui.cpp">
      <Filter>Source Files</Filter>
    </ClCompile>
    <ClCompile Include="src\doticu_skylib\virtual_array.cpp">
      <Filter>Source Files</Filter>
    </ClCompile>
    <ClCompile Include="src\doticu_skylib\form.cpp">
      <Filter>Source Files</Filter>
    </ClCompile>
    <ClCompile Include="src\doticu_skylib\virtual_utils.cpp">
      <Filter>Source Files</Filter>
    </ClCompile>
    <ClCompile Include="src\doticu_skylib\string.cpp">
      <Filter>Source Files</Filter>
    </ClCompile>
    <ClCompile Include="src\doticu_skylib\virtual_class.cpp">
      <Filter>Source Files</Filter>
    </ClCompile>
    <ClCompile Include="src\doticu_skylib\virtual_object.cpp">
      <Filter>Source Files</Filter>
    </ClCompile>
    <ClCompile Include="src\doticu_skylib\cell.cpp">
      <Filter>Source Files</Filter>
    </ClCompile>
    <ClCompile Include="src\doticu_skylib\actor_base.cpp">
      <Filter>Source Files</Filter>
    </ClCompile>
    <ClCompile Include="src\doticu_skylib\actor.cpp">
      <Filter>Source Files</Filter>
    </ClCompile>
    <ClCompile Include="src\doticu_skylib\reference.cpp">
      <Filter>Source Files</Filter>
    </ClCompile>
    <ClCompile Include="src\doticu_skylib\worldspace.cpp">
      <Filter>Source Files</Filter>
    </ClCompile>
    <ClCompile Include="src\doticu_skylib\leveled_actor_base.cpp">
      <Filter>Source Files</Filter>
    </ClCompile>
    <ClCompile Include="src\doticu_skylib\global.cpp">
      <Filter>Source Files</Filter>
    </ClCompile>
    <ClCompile Include="src\doticu_skylib\relation.cpp">
      <Filter>Source Files</Filter>
    </ClCompile>
    <ClCompile Include="src\doticu_skylib\race.cpp">
      <Filter>Source Files</Filter>
    </ClCompile>
    <ClCompile Include="src\doticu_skylib\mod.cpp">
      <Filter>Source Files</Filter>
    </ClCompile>
    <ClCompile Include="src\doticu_skylib\location.cpp">
      <Filter>Source Files</Filter>
    </ClCompile>
    <ClCompile Include="src\doticu_skylib\script.cpp">
      <Filter>Source Files</Filter>
    </ClCompile>
    <ClCompile Include="src\doticu_skylib\player.cpp">
      <Filter>Source Files</Filter>
    </ClCompile>
    <ClCompile Include="src\doticu_skylib\cstring.cpp">
      <Filter>Source Files</Filter>
    </ClCompile>
    <ClCompile Include="src\doticu_skylib\sex.cpp">
      <Filter>Source Files</Filter>
    </ClCompile>
    <ClCompile Include="src\doticu_skylib\component_actor_base_data.cpp">
      <Filter>Source Files</Filter>
    </ClCompile>
    <ClCompile Include="src\doticu_skylib\form_factory.cpp">
      <Filter>Source Files</Filter>
    </ClCompile>
    <ClCompile Include="src\doticu_skylib\reference_count.cpp">
      <Filter>Source Files</Filter>
    </ClCompile>
    <ClCompile Include="src\doticu_skylib\extra_data.cpp">
      <Filter>Source Files</Filter>
    </ClCompile>
    <ClCompile Include="src\doticu_skylib\extra_list.cpp">
      <Filter>Source Files</Filter>
    </ClCompile>
    <ClCompile Include="src\doticu_skylib\collections.cpp">
      <Filter>Source Files</Filter>
    </ClCompile>
    <ClCompile Include="src\doticu_skylib\alias_base.cpp">
      <Filter>Source Files</Filter>
    </ClCompile>
    <ClCompile Include="src\doticu_skylib\math.cpp">
      <Filter>Source Files</Filter>
    </ClCompile>
    <ClCompile Include="src\doticu_skylib\virtual_game.cpp">
      <Filter>Source Files</Filter>
    </ClCompile>
    <ClCompile Include="src\doticu_skylib\quest_objective_state.cpp">
      <Filter>Source Files</Filter>
    </ClCompile>
    <ClCompile Include="src\doticu_skylib\quest_objective.cpp">
      <Filter>Source Files</Filter>
    </ClCompile>
    <ClCompile Include="src\doticu_skylib\rarity.cpp">
      <Filter>Source Files</Filter>
    </ClCompile>
    <ClCompile Include="src\doticu_skylib\translations.cpp">
      <Filter>Source Files</Filter>
    </ClCompile>
    <ClCompile Include="src\doticu_skylib\faction_and_rank.cpp">
      <Filter>Source Files</Filter>
    </ClCompile>
    <ClCompile Include="src\doticu_skylib\faction.cpp">
      <Filter>Source Files</Filter>
    </ClCompile>
    <ClCompile Include="src\doticu_skylib\keyword.cpp">
      <Filter>Source Files</Filter>
    </ClCompile>
    <ClCompile Include="src\doticu_skylib\read_write_lock.cpp">
      <Filter>Source Files</Filter>
    </ClCompile>
    <ClCompile Include="src\doticu_skylib\vitality.cpp">
      <Filter>Source Files</Filter>
    </ClCompile>
    <ClCompile Include="src\doticu_skylib\script_type.cpp">
      <Filter>Source Files</Filter>
    </ClCompile>
    <ClCompile Include="src\doticu_skylib\enum_operator.cpp">
      <Filter>Source Files</Filter>
    </ClCompile>
    <ClCompile Include="src\doticu_skylib\form_list.cpp">
      <Filter>Source Files</Filter>
    </ClCompile>
    <ClCompile Include="src\doticu_skylib\enum_logic_gate.cpp">
      <Filter>Source Files</Filter>
    </ClCompile>
    <ClCompile Include="src\doticu_skylib\os.cpp">
      <Filter>Source Files</Filter>
    </ClCompile>
    <ClCompile Include="src\doticu_skylib\package_value.cpp">
      <Filter>Source Files</Filter>
    </ClCompile>
    <ClCompile Include="src\doticu_skylib\package.cpp">
      <Filter>Source Files</Filter>
    </ClCompile>
    <ClCompile Include="src\doticu_skylib\component_description.cpp">
      <Filter>Source Files</Filter>
    </ClCompile>
    <ClCompile Include="src\doticu_skylib\extra_text_display.cpp">
      <Filter>Source Files</Filter>
    </ClCompile>
    <ClCompile Include="src\doticu_skylib\enum_soul_level.cpp">
      <Filter>Source Files</Filter>
    </ClCompile>
    <ClCompile Include="src\doticu_skylib\magic_target.cpp">
      <Filter>Source Files</Filter>
    </ClCompile>
    <ClCompile Include="src\doticu_skylib\atomic_count.cpp">
      <Filter>Source Files</Filter>
    </ClCompile>
    <ClCompile Include="src\doticu_skylib\dialogue_info.cpp">
      <Filter>Source Files</Filter>
    </ClCompile>
    <ClCompile Include="src\doticu_skylib\dialogue_info_instance.cpp">
      <Filter>Source Files</Filter>
    </ClCompile>
    <ClCompile Include="src\doticu_skylib\form_id.cpp">
      <Filter>Source Files</Filter>
    </ClCompile>
    <ClCompile Include="src\doticu_skylib\mod_index.cpp">
      <Filter>Source Files</Filter>
    </ClCompile>
    <ClCompile Include="src\doticu_skylib\form_index.cpp">
      <Filter>Source Files</Filter>
    </ClCompile>
    <ClCompile Include="src\doticu_skylib\extra_collision_layer.cpp">
      <Filter>Source Files</Filter>
    </ClCompile>
    <ClCompile Include="src\doticu_skylib\dynatomic_count.cpp">
      <Filter>Source Files</Filter>
    </ClCompile>
    <ClCompile Include="src\doticu_skylib\ni_extra_bounds.cpp">
      <Filter>Source Files</Filter>
    </ClCompile>
    <ClCompile Include="src\doticu_skylib\ni_3d.cpp">
      <Filter>Source Files</Filter>
    </ClCompile>
    <ClCompile Include="src\doticu_skylib\ni_node.cpp">
      <Filter>Source Files</Filter>
    </ClCompile>
    <ClCompile Include="src\doticu_skylib\ni_collidable.cpp">
      <Filter>Source Files</Filter>
    </ClCompile>
    <ClCompile Include="src\doticu_skylib\havok_collidable_base.cpp">
      <Filter>Source Files</Filter>
    </ClCompile>
    <ClCompile Include="src\doticu_skylib\havok_body.cpp">
      <Filter>Source Files</Filter>
    </ClCompile>
    <ClCompile Include="src\doticu_skylib\ni_update.cpp">
      <Filter>Source Files</Filter>
    </ClCompile>
    <ClCompile Include="src\doticu_skylib\havok_collidable_links.cpp">
      <Filter>Source Files</Filter>
    </ClCompile>
    <ClCompile Include="src\doticu_skylib\havok_player_base.cpp">
      <Filter>Source Files</Filter>
    </ClCompile>
    <ClCompile Include="src\doticu_skylib\memory.cpp">
      <Filter>Source Files</Filter>
    </ClCompile>
    <ClCompile Include="src\doticu_skylib\memory_virtual_heap.cpp">
      <Filter>Source Files</Filter>
    </ClCompile>
    <ClCompile Include="src\doticu_skylib\ni_object.cpp">
      <Filter>Source Files</Filter>
    </ClCompile>
    <ClCompile Include="src\doticu_skylib\havok_rigid_body_base.cpp">
      <Filter>Source Files</Filter>
    </ClCompile>
    <ClCompile Include="src\doticu_skylib\actor_ai_processor.cpp">
      <Filter>Source Files</Filter>
    </ClCompile>
    <ClCompile Include="src\doticu_skylib\virtual_stack_id.cpp">
      <Filter>Source Files</Filter>
    </ClCompile>
    <ClCompile Include="src\doticu_skylib\extra_container_changes.cpp">
      <Filter>Source Files</Filter>
    </ClCompile>
    <ClCompile Include="src\doticu_skylib\container_changes_entry.cpp">
      <Filter>Source Files</Filter>
    </ClCompile>
    <ClCompile Include="src\doticu_skylib\extra_count.cpp">
      <Filter>Source Files</Filter>
    </ClCompile>
    <ClCompile Include="src\doticu_skylib\container_entry_count.cpp">
      <Filter>Source Files</Filter>
    </ClCompile>
    <ClCompile Include="src\doticu_skylib\container_changes.cpp">
      <Filter>Source Files</Filter>
    </ClCompile>
    <ClCompile Include="src\doticu_skylib\component_container.cpp">
      <Filter>Source Files</Filter>
    </ClCompile>
    <ClCompile Include="src\doticu_skylib\actor_container.cpp">
      <Filter>Source Files</Filter>
    </ClCompile>
    <ClCompile Include="src\doticu_skylib\actor_container_entry.cpp">
      <Filter>Source Files</Filter>
    </ClCompile>
  </ItemGroup>
  <ItemGroup>
    <None Include="include\doticu_skylib\ui.inl">
      <Filter>Header Files</Filter>
    </None>
    <None Include="include\doticu_skylib\forward_list.inl">
      <Filter>Header Files</Filter>
    </None>
    <None Include="include\doticu_skylib\game.inl">
      <Filter>Header Files</Filter>
    </None>
    <None Include="include\doticu_skylib\virtual_variable.inl">
      <Filter>Header Files\virtual</Filter>
    </None>
    <None Include="include\doticu_skylib\extra_data.inl">
      <Filter>Header Files\extra</Filter>
    </None>
    <None Include="include\doticu_skylib\extra_list.inl">
      <Filter>Header Files\extra</Filter>
    </None>
    <None Include="include\doticu_skylib\global.inl">
      <Filter>Header Files</Filter>
    </None>
  </ItemGroup>
</Project>