<?xml version="1.0" encoding="utf-8"?>
<Project ToolsVersion="4.0" xmlns="http://schemas.microsoft.com/developer/msbuild/2003">
  <ItemGroup>
    <Filter Include="Source Files">
      <UniqueIdentifier>{4FC737F1-C7A5-4376-A066-2A32D752A2FF}</UniqueIdentifier>
      <Extensions>cpp;c;cc;cxx;c++;def;odl;idl;hpj;bat;asm;asmx</Extensions>
    </Filter>
    <Filter Include="Header Files">
      <UniqueIdentifier>{93995380-89BD-4b04-88EB-625FBE52EBFB}</UniqueIdentifier>
      <Extensions>h;hh;hpp;hxx;h++;hm;inl;inc;ipp;xsd</Extensions>
    </Filter>
    <Filter Include="Resource Files">
      <UniqueIdentifier>{67DA6AB6-F800-4c08-8B7A-83BB121AAD01}</UniqueIdentifier>
      <Extensions>rc;ico;cur;bmp;dlg;rc2;rct;bin;rgs;gif;jpg;jpeg;jpe;resx;tiff;tif;png;wav;mfcribbon-ms</Extensions>
    </Filter>
    <Filter Include="Header Files\component">
      <UniqueIdentifier>{fdfdab04-e334-4494-a2fc-ba14444f59c4}</UniqueIdentifier>
    </Filter>
    <Filter Include="Header Files\enum">
      <UniqueIdentifier>{46fc80aa-1a9b-428a-8717-7ebabe3a5414}</UniqueIdentifier>
    </Filter>
    <Filter Include="Header Files\virtual">
      <UniqueIdentifier>{ff049d30-803f-4ed4-8d78-021f6539baa4}</UniqueIdentifier>
    </Filter>
    <Filter Include="Header Files\extra">
      <UniqueIdentifier>{3070bc99-2ad6-4d1b-8a56-67ab82148b63}</UniqueIdentifier>
    </Filter>
    <Filter Include="Header Files\filter">
      <UniqueIdentifier>{74cb22ab-e2cb-4a7c-913b-a9ed48f61813}</UniqueIdentifier>
    </Filter>
    <Filter Include="Header Files\package">
      <UniqueIdentifier>{883b714b-3472-4c78-8788-5f06574d42b4}</UniqueIdentifier>
    </Filter>
    <Filter Include="Header Files\havok">
      <UniqueIdentifier>{28c44481-fe6d-4d3e-9ef4-60b3b7e2ea7d}</UniqueIdentifier>
    </Filter>
    <Filter Include="Header Files\ni">
      <UniqueIdentifier>{e11d928a-0640-41a2-a311-7834c298148d}</UniqueIdentifier>
    </Filter>
    <Filter Include="Header Files\memory">
      <UniqueIdentifier>{e6de579d-6b32-4240-b357-8ca947a0da77}</UniqueIdentifier>
    </Filter>
    <Filter Include="Header Files\actor">
      <UniqueIdentifier>{25cf722c-075a-4d54-b2af-b5d17b0e3c15}</UniqueIdentifier>
    </Filter>
    <Filter Include="Header Files\container">
      <UniqueIdentifier>{36972847-a0c2-4a36-a72c-5e3e0c1d5431}</UniqueIdentifier>
    </Filter>
    <Filter Include="Header Files\dialogue">
      <UniqueIdentifier>{b46422e1-18a0-4068-8ebb-0c3d93ff9338}</UniqueIdentifier>
    </Filter>
    <Filter Include="Header Files\reference">
      <UniqueIdentifier>{72e2fa39-b349-42ab-8c18-92d5d4d07b84}</UniqueIdentifier>
    </Filter>
    <Filter Include="Header Files\form">
      <UniqueIdentifier>{90061a3e-022b-42b9-ab55-275151c555f9}</UniqueIdentifier>
    </Filter>
    <Filter Include="Header Files\atomic">
      <UniqueIdentifier>{5c55afe6-f7bd-41f2-9f5c-ad6e3a6418be}</UniqueIdentifier>
    </Filter>
    <Filter Include="Header Files\scriptables">
      <UniqueIdentifier>{160e9956-d0bf-4a23-abc6-4756784eecb5}</UniqueIdentifier>
    </Filter>
  </ItemGroup>
  <ItemGroup>
    <ClInclude Include="include\doticu_skylib\intrinsic.h">
      <Filter>Header Files</Filter>
    </ClInclude>
    <ClInclude Include="include\doticu_skylib\game.h">
      <Filter>Header Files</Filter>
    </ClInclude>
    <ClInclude Include="include\doticu_skylib\ui.h">
      <Filter>Header Files</Filter>
    </ClInclude>
    <ClInclude Include="include\doticu_skylib\string.h">
      <Filter>Header Files</Filter>
    </ClInclude>
    <ClInclude Include="include\doticu_skylib\collections.h">
      <Filter>Header Files</Filter>
    </ClInclude>
    <ClInclude Include="include\doticu_skylib\mod.h">
      <Filter>Header Files</Filter>
    </ClInclude>
    <ClInclude Include="include\doticu_skylib\skylib.h">
      <Filter>Header Files</Filter>
    </ClInclude>
    <ClInclude Include="include\doticu_skylib\player.h">
      <Filter>Header Files</Filter>
    </ClInclude>
    <ClInclude Include="include\doticu_skylib\maybe.h">
      <Filter>Header Files</Filter>
    </ClInclude>
    <ClInclude Include="include\doticu_skylib\interface.h">
      <Filter>Header Files</Filter>
    </ClInclude>
    <ClInclude Include="include\doticu_skylib\cstring.h">
      <Filter>Header Files</Filter>
    </ClInclude>
    <ClInclude Include="include\doticu_skylib\magic_target.h">
      <Filter>Header Files</Filter>
    </ClInclude>
    <ClInclude Include="include\doticu_skylib\unknown.h">
      <Filter>Header Files</Filter>
    </ClInclude>
    <ClInclude Include="include\doticu_skylib\object.h">
      <Filter>Header Files</Filter>
    </ClInclude>
    <ClInclude Include="include\doticu_skylib\bound_object.h">
      <Filter>Header Files</Filter>
    </ClInclude>
    <ClInclude Include="include\doticu_skylib\animated_object.h">
      <Filter>Header Files</Filter>
    </ClInclude>
    <ClInclude Include="include\doticu_skylib\alias_id.h">
      <Filter>Header Files</Filter>
    </ClInclude>
    <ClInclude Include="include\doticu_skylib\math.h">
      <Filter>Header Files</Filter>
    </ClInclude>
    <ClInclude Include="include\doticu_skylib\read_write_lock.h">
      <Filter>Header Files</Filter>
    </ClInclude>
    <ClInclude Include="include\doticu_skylib\quest_objective.h">
      <Filter>Header Files</Filter>
    </ClInclude>
    <ClInclude Include="include\doticu_skylib\quest_target.h">
      <Filter>Header Files</Filter>
    </ClInclude>
    <ClInclude Include="include\doticu_skylib\forward_list.h">
      <Filter>Header Files</Filter>
    </ClInclude>
    <ClInclude Include="include\doticu_skylib\enum_quest_objective_state.h">
      <Filter>Header Files</Filter>
    </ClInclude>
    <ClInclude Include="include\doticu_skylib\rarity.h">
      <Filter>Header Files</Filter>
    </ClInclude>
    <ClInclude Include="include\doticu_skylib\translations.h">
      <Filter>Header Files</Filter>
    </ClInclude>
    <ClInclude Include="include\doticu_skylib\faction_and_rank.h">
      <Filter>Header Files</Filter>
    </ClInclude>
    <ClInclude Include="include\doticu_skylib\enum_vitality.h">
      <Filter>Header Files</Filter>
    </ClInclude>
    <ClInclude Include="include\doticu_skylib\version.h">
      <Filter>Header Files</Filter>
    </ClInclude>
    <ClInclude Include="include\doticu_skylib\game_macros.h">
      <Filter>Header Files</Filter>
    </ClInclude>
    <ClInclude Include="include\doticu_skylib\traits.h">
      <Filter>Header Files</Filter>
    </ClInclude>
    <ClInclude Include="include\doticu_skylib\game_ini.h">
      <Filter>Header Files</Filter>
    </ClInclude>
    <ClInclude Include="include\doticu_skylib\season.h">
      <Filter>Header Files</Filter>
    </ClInclude>
    <ClInclude Include="include\doticu_skylib\os.h">
      <Filter>Header Files</Filter>
    </ClInclude>
    <ClInclude Include="include\doticu_skylib\character.h">
      <Filter>Header Files</Filter>
    </ClInclude>
    <ClInclude Include="include\doticu_skylib\component_actor_base_data.h">
      <Filter>Header Files\component</Filter>
    </ClInclude>
    <ClInclude Include="include\doticu_skylib\component_ai.h">
      <Filter>Header Files\component</Filter>
    </ClInclude>
    <ClInclude Include="include\doticu_skylib\component_attack_damage.h">
      <Filter>Header Files\component</Filter>
    </ClInclude>
    <ClInclude Include="include\doticu_skylib\component_attack_data.h">
      <Filter>Header Files\component</Filter>
    </ClInclude>
    <ClInclude Include="include\doticu_skylib\component_biped_model.h">
      <Filter>Header Files\component</Filter>
    </ClInclude>
    <ClInclude Include="include\doticu_skylib\component_biped_object.h">
      <Filter>Header Files\component</Filter>
    </ClInclude>
    <ClInclude Include="include\doticu_skylib\component_block_bash.h">
      <Filter>Header Files\component</Filter>
    </ClInclude>
    <ClInclude Include="include\doticu_skylib\component_container.h">
      <Filter>Header Files\component</Filter>
    </ClInclude>
    <ClInclude Include="include\doticu_skylib\component_description.h">
      <Filter>Header Files\component</Filter>
    </ClInclude>
    <ClInclude Include="include\doticu_skylib\component_destructible.h">
      <Filter>Header Files\component</Filter>
    </ClInclude>
    <ClInclude Include="include\doticu_skylib\component_enchantable.h">
      <Filter>Header Files\component</Filter>
    </ClInclude>
    <ClInclude Include="include\doticu_skylib\component_equip_slot.h">
      <Filter>Header Files\component</Filter>
    </ClInclude>
    <ClInclude Include="include\doticu_skylib\component_form_data.h">
      <Filter>Header Files\component</Filter>
    </ClInclude>
    <ClInclude Include="include\doticu_skylib\component_grab_sounds.h">
      <Filter>Header Files\component</Filter>
    </ClInclude>
    <ClInclude Include="include\doticu_skylib\component_harvest.h">
      <Filter>Header Files\component</Filter>
    </ClInclude>
    <ClInclude Include="include\doticu_skylib\component_icon.h">
      <Filter>Header Files\component</Filter>
    </ClInclude>
    <ClInclude Include="include\doticu_skylib\component_keywords.h">
      <Filter>Header Files\component</Filter>
    </ClInclude>
    <ClInclude Include="include\doticu_skylib\component_leveled.h">
      <Filter>Header Files\component</Filter>
    </ClInclude>
    <ClInclude Include="include\doticu_skylib\component_menu_display.h">
      <Filter>Header Files\component</Filter>
    </ClInclude>
    <ClInclude Include="include\doticu_skylib\component_message_icon.h">
      <Filter>Header Files\component</Filter>
    </ClInclude>
    <ClInclude Include="include\doticu_skylib\component_model.h">
      <Filter>Header Files\component</Filter>
    </ClInclude>
    <ClInclude Include="include\doticu_skylib\component_model_alternates.h">
      <Filter>Header Files\component</Filter>
    </ClInclude>
    <ClInclude Include="include\doticu_skylib\component_name.h">
      <Filter>Header Files\component</Filter>
    </ClInclude>
    <ClInclude Include="include\doticu_skylib\component_openable.h">
      <Filter>Header Files\component</Filter>
    </ClInclude>
    <ClInclude Include="include\doticu_skylib\component_package_override.h">
      <Filter>Header Files\component</Filter>
    </ClInclude>
    <ClInclude Include="include\doticu_skylib\component_perks.h">
      <Filter>Header Files\component</Filter>
    </ClInclude>
    <ClInclude Include="include\doticu_skylib\component_preloadable.h">
      <Filter>Header Files\component</Filter>
    </ClInclude>
    <ClInclude Include="include\doticu_skylib\component_race.h">
      <Filter>Header Files\component</Filter>
    </ClInclude>
    <ClInclude Include="include\doticu_skylib\component_reactions.h">
      <Filter>Header Files\component</Filter>
    </ClInclude>
    <ClInclude Include="include\doticu_skylib\component_skin.h">
      <Filter>Header Files\component</Filter>
    </ClInclude>
    <ClInclude Include="include\doticu_skylib\component_texture.h">
      <Filter>Header Files\component</Filter>
    </ClInclude>
    <ClInclude Include="include\doticu_skylib\component_value.h">
      <Filter>Header Files\component</Filter>
    </ClInclude>
    <ClInclude Include="include\doticu_skylib\component_weight.h">
      <Filter>Header Files\component</Filter>
    </ClInclude>
    <ClInclude Include="include\doticu_skylib\enum.h">
      <Filter>Header Files\enum</Filter>
    </ClInclude>
    <ClInclude Include="include\doticu_skylib\enum_activator_flags.h">
      <Filter>Header Files\enum</Filter>
    </ClInclude>
    <ClInclude Include="include\doticu_skylib\enum_actor_base_flags.h">
      <Filter>Header Files\enum</Filter>
    </ClInclude>
    <ClInclude Include="include\doticu_skylib\enum_actor_base_template_flags.h">
      <Filter>Header Files\enum</Filter>
    </ClInclude>
    <ClInclude Include="include\doticu_skylib\enum_actor_flags.h">
      <Filter>Header Files\enum</Filter>
    </ClInclude>
    <ClInclude Include="include\doticu_skylib\enum_actor_value_modifier.h">
      <Filter>Header Files\enum</Filter>
    </ClInclude>
    <ClInclude Include="include\doticu_skylib\enum_alias_fill.h">
      <Filter>Header Files\enum</Filter>
    </ClInclude>
    <ClInclude Include="include\doticu_skylib\enum_armor.h">
      <Filter>Header Files\enum</Filter>
    </ClInclude>
    <ClInclude Include="include\doticu_skylib\enum_biped_slots.h">
      <Filter>Header Files\enum</Filter>
    </ClInclude>
    <ClInclude Include="include\doticu_skylib\enum_cell_flags.h">
      <Filter>Header Files\enum</Filter>
    </ClInclude>
    <ClInclude Include="include\doticu_skylib\enum_cell_state.h">
      <Filter>Header Files\enum</Filter>
    </ClInclude>
    <ClInclude Include="include\doticu_skylib\enum_container_flags.h">
      <Filter>Header Files\enum</Filter>
    </ClInclude>
    <ClInclude Include="include\doticu_skylib\enum_faction_flags.h">
      <Filter>Header Files\enum</Filter>
    </ClInclude>
    <ClInclude Include="include\doticu_skylib\enum_logic_gate.h">
      <Filter>Header Files\enum</Filter>
    </ClInclude>
    <ClInclude Include="include\doticu_skylib\enum_operator.h">
      <Filter>Header Files\enum</Filter>
    </ClInclude>
    <ClInclude Include="include\doticu_skylib\enum_package_flags.h">
      <Filter>Header Files\enum</Filter>
    </ClInclude>
    <ClInclude Include="include\doticu_skylib\enum_package_interrupt_type.h">
      <Filter>Header Files\enum</Filter>
    </ClInclude>
    <ClInclude Include="include\doticu_skylib\enum_package_interrupt_flags.h">
      <Filter>Header Files\enum</Filter>
    </ClInclude>
    <ClInclude Include="include\doticu_skylib\enum_package_location_type.h">
      <Filter>Header Files\enum</Filter>
    </ClInclude>
    <ClInclude Include="include\doticu_skylib\enum_package_procedure_type.h">
      <Filter>Header Files\enum</Filter>
    </ClInclude>
    <ClInclude Include="include\doticu_skylib\enum_package_target_type.h">
      <Filter>Header Files\enum</Filter>
    </ClInclude>
    <ClInclude Include="include\doticu_skylib\enum_package_value_type.h">
      <Filter>Header Files\enum</Filter>
    </ClInclude>
    <ClInclude Include="include\doticu_skylib\enum_preferred_speed.h">
      <Filter>Header Files\enum</Filter>
    </ClInclude>
    <ClInclude Include="include\doticu_skylib\enum_static_flags.h">
      <Filter>Header Files\enum</Filter>
    </ClInclude>
    <ClInclude Include="include\doticu_skylib\enum_weapon_state.h">
      <Filter>Header Files\enum</Filter>
    </ClInclude>
    <ClInclude Include="include\doticu_skylib\virtual.h">
      <Filter>Header Files\virtual</Filter>
    </ClInclude>
    <ClInclude Include="include\doticu_skylib\virtual_arguments.h">
      <Filter>Header Files\virtual</Filter>
    </ClInclude>
    <ClInclude Include="include\doticu_skylib\virtual_array.h">
      <Filter>Header Files\virtual</Filter>
    </ClInclude>
    <ClInclude Include="include\doticu_skylib\virtual_binder.h">
      <Filter>Header Files\virtual</Filter>
    </ClInclude>
    <ClInclude Include="include\doticu_skylib\virtual_callback.h">
      <Filter>Header Files\virtual</Filter>
    </ClInclude>
    <ClInclude Include="include\doticu_skylib\virtual_class.h">
      <Filter>Header Files\virtual</Filter>
    </ClInclude>
    <ClInclude Include="include\doticu_skylib\virtual_function.h">
      <Filter>Header Files\virtual</Filter>
    </ClInclude>
    <ClInclude Include="include\doticu_skylib\virtual_game.h">
      <Filter>Header Files\virtual</Filter>
    </ClInclude>
    <ClInclude Include="include\doticu_skylib\virtual_handle.h">
      <Filter>Header Files\virtual</Filter>
    </ClInclude>
    <ClInclude Include="include\doticu_skylib\virtual_machine.h">
      <Filter>Header Files\virtual</Filter>
    </ClInclude>
    <ClInclude Include="include\doticu_skylib\virtual_macros.h">
      <Filter>Header Files\virtual</Filter>
    </ClInclude>
    <ClInclude Include="include\doticu_skylib\virtual_method.h">
      <Filter>Header Files\virtual</Filter>
    </ClInclude>
    <ClInclude Include="include\doticu_skylib\virtual_object.h">
      <Filter>Header Files\virtual</Filter>
    </ClInclude>
    <ClInclude Include="include\doticu_skylib\virtual_policy.h">
      <Filter>Header Files\virtual</Filter>
    </ClInclude>
    <ClInclude Include="include\doticu_skylib\virtual_static.h">
      <Filter>Header Files\virtual</Filter>
    </ClInclude>
    <ClInclude Include="include\doticu_skylib\virtual_type.h">
      <Filter>Header Files\virtual</Filter>
    </ClInclude>
    <ClInclude Include="include\doticu_skylib\virtual_variable.h">
      <Filter>Header Files\virtual</Filter>
    </ClInclude>
    <ClInclude Include="include\doticu_skylib\extra_aliases.h">
      <Filter>Header Files\extra</Filter>
    </ClInclude>
    <ClInclude Include="include\doticu_skylib\extra_data.h">
      <Filter>Header Files\extra</Filter>
    </ClInclude>
    <ClInclude Include="include\doticu_skylib\extra_list.h">
      <Filter>Header Files\extra</Filter>
    </ClInclude>
    <ClInclude Include="include\doticu_skylib\extra_location.h">
      <Filter>Header Files\extra</Filter>
    </ClInclude>
    <ClInclude Include="include\doticu_skylib\filter.h">
      <Filter>Header Files\filter</Filter>
    </ClInclude>
    <ClInclude Include="include\doticu_skylib\filter.inl">
      <Filter>Header Files\filter</Filter>
    </ClInclude>
    <ClInclude Include="include\doticu_skylib\filter_base_form_types.h">
      <Filter>Header Files\filter</Filter>
    </ClInclude>
    <ClInclude Include="include\doticu_skylib\filter_bases.h">
      <Filter>Header Files\filter</Filter>
    </ClInclude>
    <ClInclude Include="include\doticu_skylib\filter_deleted.h">
      <Filter>Header Files\filter</Filter>
    </ClInclude>
    <ClInclude Include="include\doticu_skylib\filter_distances.h">
      <Filter>Header Files\filter</Filter>
    </ClInclude>
    <ClInclude Include="include\doticu_skylib\filter_enabled.h">
      <Filter>Header Files\filter</Filter>
    </ClInclude>
    <ClInclude Include="include\doticu_skylib\filter_form_types.h">
      <Filter>Header Files\filter</Filter>
    </ClInclude>
    <ClInclude Include="include\doticu_skylib\filter_keywords.h">
      <Filter>Header Files\filter</Filter>
    </ClInclude>
    <ClInclude Include="include\doticu_skylib\package_value_bool.h">
      <Filter>Header Files\package</Filter>
    </ClInclude>
    <ClInclude Include="include\doticu_skylib\package_data.h">
      <Filter>Header Files\package</Filter>
    </ClInclude>
    <ClInclude Include="include\doticu_skylib\package_value_float.h">
      <Filter>Header Files\package</Filter>
    </ClInclude>
    <ClInclude Include="include\doticu_skylib\package_value_int.h">
      <Filter>Header Files\package</Filter>
    </ClInclude>
    <ClInclude Include="include\doticu_skylib\package_location.h">
      <Filter>Header Files\package</Filter>
    </ClInclude>
    <ClInclude Include="include\doticu_skylib\package_value_location.h">
      <Filter>Header Files\package</Filter>
    </ClInclude>
    <ClInclude Include="include\doticu_skylib\package_value_reference.h">
      <Filter>Header Files\package</Filter>
    </ClInclude>
    <ClInclude Include="include\doticu_skylib\package_schedule.h">
      <Filter>Header Files\package</Filter>
    </ClInclude>
    <ClInclude Include="include\doticu_skylib\package_target.h">
      <Filter>Header Files\package</Filter>
    </ClInclude>
    <ClInclude Include="include\doticu_skylib\package_value_topic.h">
      <Filter>Header Files\package</Filter>
    </ClInclude>
    <ClInclude Include="include\doticu_skylib\package_value.h">
      <Filter>Header Files\package</Filter>
    </ClInclude>
    <ClInclude Include="include\doticu_skylib\extra_owner.h">
      <Filter>Header Files\extra</Filter>
    </ClInclude>
    <ClInclude Include="include\doticu_skylib\enum_encounter_zone_flags.h">
      <Filter>Header Files\enum</Filter>
    </ClInclude>
    <ClInclude Include="include\doticu_skylib\faction_rank.h">
      <Filter>Header Files</Filter>
    </ClInclude>
    <ClInclude Include="include\doticu_skylib\extra_encounter_zone.h">
      <Filter>Header Files\extra</Filter>
    </ClInclude>
    <ClInclude Include="include\doticu_skylib\filter_owners.h">
      <Filter>Header Files\filter</Filter>
    </ClInclude>
    <ClInclude Include="include\doticu_skylib\filter_potential_thieves.h">
      <Filter>Header Files\filter</Filter>
    </ClInclude>
    <ClInclude Include="include\doticu_skylib\extra_followers.h">
      <Filter>Header Files\extra</Filter>
    </ClInclude>
    <ClInclude Include="include\doticu_skylib\enum_soul_level.h">
      <Filter>Header Files\enum</Filter>
    </ClInclude>
    <ClInclude Include="include\doticu_skylib\extra_ghost.h">
      <Filter>Header Files\extra</Filter>
    </ClInclude>
    <ClInclude Include="include\doticu_skylib\extra_flags.h">
      <Filter>Header Files\extra</Filter>
    </ClInclude>
    <ClInclude Include="include\doticu_skylib\enum_extra_flags.h">
      <Filter>Header Files\enum</Filter>
    </ClInclude>
    <ClInclude Include="include\doticu_skylib\extra_talk_to_player.h">
      <Filter>Header Files\extra</Filter>
    </ClInclude>
    <ClInclude Include="include\doticu_skylib\extra_text_display.h">
      <Filter>Header Files\extra</Filter>
    </ClInclude>
    <ClInclude Include="include\doticu_skylib\enum_message_flags.h">
      <Filter>Header Files\enum</Filter>
    </ClInclude>
    <ClInclude Include="include\doticu_skylib\extra_container_changes.h">
      <Filter>Header Files\extra</Filter>
    </ClInclude>
    <ClInclude Include="include\doticu_skylib\leveled_entry.h">
      <Filter>Header Files</Filter>
    </ClInclude>
    <ClInclude Include="include\doticu_skylib\extra_count.h">
      <Filter>Header Files\extra</Filter>
    </ClInclude>
    <ClInclude Include="include\doticu_skylib\enum_extra_text_display_type.h">
      <Filter>Header Files\enum</Filter>
    </ClInclude>
    <ClInclude Include="include\doticu_skylib\enum_model_update_flags.h">
      <Filter>Header Files\enum</Filter>
    </ClInclude>
    <ClInclude Include="include\doticu_skylib\magic_base.h">
      <Filter>Header Files</Filter>
    </ClInclude>
    <ClInclude Include="include\doticu_skylib\magic_effect_instance.h">
      <Filter>Header Files</Filter>
    </ClInclude>
    <ClInclude Include="include\doticu_skylib\mod_index.h">
      <Filter>Header Files</Filter>
    </ClInclude>
    <ClInclude Include="include\doticu_skylib\dynatomic_count.h">
      <Filter>Header Files</Filter>
    </ClInclude>
    <ClInclude Include="include\doticu_skylib\movement_ai_controller.h">
      <Filter>Header Files</Filter>
    </ClInclude>
    <ClInclude Include="include\doticu_skylib\movement_actor_controller.h">
      <Filter>Header Files</Filter>
    </ClInclude>
    <ClInclude Include="include\doticu_skylib\movement_register_controller.h">
      <Filter>Header Files</Filter>
    </ClInclude>
    <ClInclude Include="include\doticu_skylib\unique.h">
      <Filter>Header Files</Filter>
    </ClInclude>
    <ClInclude Include="include\doticu_skylib\extra_soul_level.h">
      <Filter>Header Files\extra</Filter>
    </ClInclude>
    <ClInclude Include="include\doticu_skylib\extra_outfit.h">
      <Filter>Header Files\extra</Filter>
    </ClInclude>
    <ClInclude Include="include\doticu_skylib\console_log.h">
      <Filter>Header Files</Filter>
    </ClInclude>
    <ClInclude Include="include\doticu_skylib\sync_object.h">
      <Filter>Header Files</Filter>
    </ClInclude>
    <ClInclude Include="include\doticu_skylib\extra_reference_interaction.h">
      <Filter>Header Files\extra</Filter>
    </ClInclude>
    <ClInclude Include="include\doticu_skylib\havok_actor_controller.h">
      <Filter>Header Files\havok</Filter>
    </ClInclude>
    <ClInclude Include="include\doticu_skylib\havok_actor_rigid_body_base.h">
      <Filter>Header Files\havok</Filter>
    </ClInclude>
    <ClInclude Include="include\doticu_skylib\havok_actor_rigid_body_controller.h">
      <Filter>Header Files\havok</Filter>
    </ClInclude>
    <ClInclude Include="include\doticu_skylib\havok_actor_rigid_body_listener.h">
      <Filter>Header Files\havok</Filter>
    </ClInclude>
    <ClInclude Include="include\doticu_skylib\havok_array.h">
      <Filter>Header Files\havok</Filter>
    </ClInclude>
    <ClInclude Include="include\doticu_skylib\havok_body.h">
      <Filter>Header Files\havok</Filter>
    </ClInclude>
    <ClInclude Include="include\doticu_skylib\havok_body_base.h">
      <Filter>Header Files\havok</Filter>
    </ClInclude>
    <ClInclude Include="include\doticu_skylib\havok_broad_phase_handle.h">
      <Filter>Header Files\havok</Filter>
    </ClInclude>
    <ClInclude Include="include\doticu_skylib\havok_broad_phase_id.h">
      <Filter>Header Files\havok</Filter>
    </ClInclude>
    <ClInclude Include="include\doticu_skylib\havok_collidable.h">
      <Filter>Header Files\havok</Filter>
    </ClInclude>
    <ClInclude Include="include\doticu_skylib\havok_collidable_base.h">
      <Filter>Header Files\havok</Filter>
    </ClInclude>
    <ClInclude Include="include\doticu_skylib\havok_collidable_body.h">
      <Filter>Header Files\havok</Filter>
    </ClInclude>
    <ClInclude Include="include\doticu_skylib\havok_collidable_link.h">
      <Filter>Header Files\havok</Filter>
    </ClInclude>
    <ClInclude Include="include\doticu_skylib\havok_collidable_links.h">
      <Filter>Header Files\havok</Filter>
    </ClInclude>
    <ClInclude Include="include\doticu_skylib\havok_collision.h">
      <Filter>Header Files\havok</Filter>
    </ClInclude>
    <ClInclude Include="include\doticu_skylib\havok_entity.h">
      <Filter>Header Files\havok</Filter>
    </ClInclude>
    <ClInclude Include="include\doticu_skylib\havok_entity_base.h">
      <Filter>Header Files\havok</Filter>
    </ClInclude>
    <ClInclude Include="include\doticu_skylib\havok_entity_listener.h">
      <Filter>Header Files\havok</Filter>
    </ClInclude>
    <ClInclude Include="include\doticu_skylib\havok_object.h">
      <Filter>Header Files\havok</Filter>
    </ClInclude>
    <ClInclude Include="include\doticu_skylib\havok_phantom_listener.h">
      <Filter>Header Files\havok</Filter>
    </ClInclude>
    <ClInclude Include="include\doticu_skylib\havok_player.h">
      <Filter>Header Files\havok</Filter>
    </ClInclude>
    <ClInclude Include="include\doticu_skylib\havok_player_base.h">
      <Filter>Header Files\havok</Filter>
    </ClInclude>
    <ClInclude Include="include\doticu_skylib\havok_player_controller.h">
      <Filter>Header Files\havok</Filter>
    </ClInclude>
    <ClInclude Include="include\doticu_skylib\havok_player_ex.h">
      <Filter>Header Files\havok</Filter>
    </ClInclude>
    <ClInclude Include="include\doticu_skylib\havok_player_listener.h">
      <Filter>Header Files\havok</Filter>
    </ClInclude>
    <ClInclude Include="include\doticu_skylib\havok_quad.h">
      <Filter>Header Files\havok</Filter>
    </ClInclude>
    <ClInclude Include="include\doticu_skylib\havok_reference.h">
      <Filter>Header Files\havok</Filter>
    </ClInclude>
    <ClInclude Include="include\doticu_skylib\havok_reference_base.h">
      <Filter>Header Files\havok</Filter>
    </ClInclude>
    <ClInclude Include="include\doticu_skylib\havok_rigid_body.h">
      <Filter>Header Files\havok</Filter>
    </ClInclude>
    <ClInclude Include="include\doticu_skylib\havok_rigid_body_base.h">
      <Filter>Header Files\havok</Filter>
    </ClInclude>
    <ClInclude Include="include\doticu_skylib\havok_saveable_base.h">
      <Filter>Header Files\havok</Filter>
    </ClInclude>
    <ClInclude Include="include\doticu_skylib\havok_step_time.h">
      <Filter>Header Files\havok</Filter>
    </ClInclude>
    <ClInclude Include="include\doticu_skylib\havok_world.h">
      <Filter>Header Files\havok</Filter>
    </ClInclude>
    <ClInclude Include="include\doticu_skylib\ni_3d.h">
      <Filter>Header Files\ni</Filter>
    </ClInclude>
    <ClInclude Include="include\doticu_skylib\ni_bounds.h">
      <Filter>Header Files\ni</Filter>
    </ClInclude>
    <ClInclude Include="include\doticu_skylib\ni_collidable.h">
      <Filter>Header Files\ni</Filter>
    </ClInclude>
    <ClInclude Include="include\doticu_skylib\ni_extra.h">
      <Filter>Header Files\ni</Filter>
    </ClInclude>
    <ClInclude Include="include\doticu_skylib\ni_extra_bounds.h">
      <Filter>Header Files\ni</Filter>
    </ClInclude>
    <ClInclude Include="include\doticu_skylib\ni_extras.h">
      <Filter>Header Files\ni</Filter>
    </ClInclude>
    <ClInclude Include="include\doticu_skylib\ni_matrix.h">
      <Filter>Header Files\ni</Filter>
    </ClInclude>
    <ClInclude Include="include\doticu_skylib\ni_node.h">
      <Filter>Header Files\ni</Filter>
    </ClInclude>
    <ClInclude Include="include\doticu_skylib\ni_object.h">
      <Filter>Header Files\ni</Filter>
    </ClInclude>
    <ClInclude Include="include\doticu_skylib\ni_point.h">
      <Filter>Header Files\ni</Filter>
    </ClInclude>
    <ClInclude Include="include\doticu_skylib\ni_rtti.h">
      <Filter>Header Files\ni</Filter>
    </ClInclude>
    <ClInclude Include="include\doticu_skylib\ni_temp_effect.h">
      <Filter>Header Files\ni</Filter>
    </ClInclude>
    <ClInclude Include="include\doticu_skylib\ni_transform.h">
      <Filter>Header Files\ni</Filter>
    </ClInclude>
    <ClInclude Include="include\doticu_skylib\ni_update.h">
      <Filter>Header Files\ni</Filter>
    </ClInclude>
    <ClInclude Include="include\doticu_skylib\enum_actor_ai_type.h">
      <Filter>Header Files\enum</Filter>
    </ClInclude>
    <ClInclude Include="include\doticu_skylib\enum_actor_controller_flags.h">
      <Filter>Header Files\enum</Filter>
    </ClInclude>
    <ClInclude Include="include\doticu_skylib\enum_actor_critical_stage.h">
      <Filter>Header Files\enum</Filter>
    </ClInclude>
    <ClInclude Include="include\doticu_skylib\enum_actor_skill.h">
      <Filter>Header Files\enum</Filter>
    </ClInclude>
    <ClInclude Include="include\doticu_skylib\enum_alias_base_flags.h">
      <Filter>Header Files\enum</Filter>
    </ClInclude>
    <ClInclude Include="include\doticu_skylib\enum_collision_layer_type.h">
      <Filter>Header Files\enum</Filter>
    </ClInclude>
    <ClInclude Include="include\doticu_skylib\enum_color_flags.h">
      <Filter>Header Files\enum</Filter>
    </ClInclude>
    <ClInclude Include="include\doticu_skylib\enum_crime_type.h">
      <Filter>Header Files\enum</Filter>
    </ClInclude>
    <ClInclude Include="include\doticu_skylib\enum_dialogue_branch_flags.h">
      <Filter>Header Files\enum</Filter>
    </ClInclude>
    <ClInclude Include="include\doticu_skylib\enum_dialogue_branch_type.h">
      <Filter>Header Files\enum</Filter>
    </ClInclude>
    <ClInclude Include="include\doticu_skylib\enum_dialogue_info_flags.h">
      <Filter>Header Files\enum</Filter>
    </ClInclude>
    <ClInclude Include="include\doticu_skylib\enum_dialogue_response_flags.h">
      <Filter>Header Files\enum</Filter>
    </ClInclude>
    <ClInclude Include="include\doticu_skylib\enum_dialogue_topic_flags.h">
      <Filter>Header Files\enum</Filter>
    </ClInclude>
    <ClInclude Include="include\doticu_skylib\enum_dialogue_topic_subtype.h">
      <Filter>Header Files\enum</Filter>
    </ClInclude>
    <ClInclude Include="include\doticu_skylib\enum_dialogue_topic_type.h">
      <Filter>Header Files\enum</Filter>
    </ClInclude>
    <ClInclude Include="include\doticu_skylib\enum_emotion_type.h">
      <Filter>Header Files\enum</Filter>
    </ClInclude>
    <ClInclude Include="include\doticu_skylib\enum_favor_level.h">
      <Filter>Header Files\enum</Filter>
    </ClInclude>
    <ClInclude Include="include\doticu_skylib\enum_form_type.h">
      <Filter>Header Files\enum</Filter>
    </ClInclude>
    <ClInclude Include="include\doticu_skylib\enum_global_type.h">
      <Filter>Header Files\enum</Filter>
    </ClInclude>
    <ClInclude Include="include\doticu_skylib\enum_havok_collidable_base_flags.h">
      <Filter>Header Files\enum</Filter>
    </ClInclude>
    <ClInclude Include="include\doticu_skylib\enum_havok_collidable_flags.h">
      <Filter>Header Files\enum</Filter>
    </ClInclude>
    <ClInclude Include="include\doticu_skylib\enum_magic_cast_type.h">
      <Filter>Header Files\enum</Filter>
    </ClInclude>
    <ClInclude Include="include\doticu_skylib\enum_magic_slot.h">
      <Filter>Header Files\enum</Filter>
    </ClInclude>
    <ClInclude Include="include\doticu_skylib\enum_ni_3d_flags.h">
      <Filter>Header Files\enum</Filter>
    </ClInclude>
    <ClInclude Include="include\doticu_skylib\enum_ni_temp_effect_type.h">
      <Filter>Header Files\enum</Filter>
    </ClInclude>
    <ClInclude Include="include\doticu_skylib\enum_ni_update_flags.h">
      <Filter>Header Files\enum</Filter>
    </ClInclude>
    <ClInclude Include="include\doticu_skylib\enum_quest_event.h">
      <Filter>Header Files\enum</Filter>
    </ClInclude>
    <ClInclude Include="include\doticu_skylib\enum_quest_flags.h">
      <Filter>Header Files\enum</Filter>
    </ClInclude>
    <ClInclude Include="include\doticu_skylib\enum_quest_type.h">
      <Filter>Header Files\enum</Filter>
    </ClInclude>
    <ClInclude Include="include\doticu_skylib\enum_reference_count_flags.h">
      <Filter>Header Files\enum</Filter>
    </ClInclude>
    <ClInclude Include="include\doticu_skylib\enum_script_type.h">
      <Filter>Header Files\enum</Filter>
    </ClInclude>
    <ClInclude Include="include\doticu_skylib\enum_sex.h">
      <Filter>Header Files\enum</Filter>
    </ClInclude>
    <ClInclude Include="include\doticu_skylib\enum_sound_level.h">
      <Filter>Header Files\enum</Filter>
    </ClInclude>
    <ClInclude Include="include\doticu_skylib\enum_spell_flags.h">
      <Filter>Header Files\enum</Filter>
    </ClInclude>
    <ClInclude Include="include\doticu_skylib\virtual_stack_id.h">
      <Filter>Header Files\virtual</Filter>
    </ClInclude>
    <ClInclude Include="include\doticu_skylib\memory.h">
      <Filter>Header Files\memory</Filter>
    </ClInclude>
    <ClInclude Include="include\doticu_skylib\memory_allocator.h">
      <Filter>Header Files\memory</Filter>
    </ClInclude>
    <ClInclude Include="include\doticu_skylib\memory_heap.h">
      <Filter>Header Files\memory</Filter>
    </ClInclude>
    <ClInclude Include="include\doticu_skylib\memory_heap_block.h">
      <Filter>Header Files\memory</Filter>
    </ClInclude>
    <ClInclude Include="include\doticu_skylib\memory_heap_snapshot.h">
      <Filter>Header Files\memory</Filter>
    </ClInclude>
    <ClInclude Include="include\doticu_skylib\memory_info.h">
      <Filter>Header Files\memory</Filter>
    </ClInclude>
    <ClInclude Include="include\doticu_skylib\memory_info_snapshot.h">
      <Filter>Header Files\memory</Filter>
    </ClInclude>
    <ClInclude Include="include\doticu_skylib\memory_physical_heap.h">
      <Filter>Header Files\memory</Filter>
    </ClInclude>
    <ClInclude Include="include\doticu_skylib\memory_standard_heap.h">
      <Filter>Header Files\memory</Filter>
    </ClInclude>
    <ClInclude Include="include\doticu_skylib\memory_virtual_heap.h">
      <Filter>Header Files\memory</Filter>
    </ClInclude>
    <ClInclude Include="include\doticu_skylib\enum_extra_type.h">
      <Filter>Header Files\enum</Filter>
    </ClInclude>
    <ClInclude Include="include\doticu_skylib\extra_collision_layer.h">
      <Filter>Header Files\extra</Filter>
    </ClInclude>
    <ClInclude Include="include\doticu_skylib\extra_leveled_item.h">
      <Filter>Header Files\extra</Filter>
    </ClInclude>
    <ClInclude Include="include\doticu_skylib\extra_reference_handle.h">
      <Filter>Header Files\extra</Filter>
    </ClInclude>
    <ClInclude Include="include\doticu_skylib\extra_worn.h">
      <Filter>Header Files\extra</Filter>
    </ClInclude>
    <ClInclude Include="include\doticu_skylib\extra_worn_left.h">
      <Filter>Header Files\extra</Filter>
    </ClInclude>
    <ClInclude Include="include\doticu_skylib\actor_ai.h">
      <Filter>Header Files\actor</Filter>
    </ClInclude>
    <ClInclude Include="include\doticu_skylib\actor_ai_processor.h">
      <Filter>Header Files\actor</Filter>
    </ClInclude>
    <ClInclude Include="include\doticu_skylib\actor_handle.h">
      <Filter>Header Files\actor</Filter>
    </ClInclude>
    <ClInclude Include="include\doticu_skylib\actor_high_ai.h">
      <Filter>Header Files\actor</Filter>
    </ClInclude>
    <ClInclude Include="include\doticu_skylib\actor_middle_high_ai.h">
      <Filter>Header Files\actor</Filter>
    </ClInclude>
    <ClInclude Include="include\doticu_skylib\actor_middle_low_ai.h">
      <Filter>Header Files\actor</Filter>
    </ClInclude>
    <ClInclude Include="include\doticu_skylib\actor_skills.h">
      <Filter>Header Files\actor</Filter>
    </ClInclude>
    <ClInclude Include="include\doticu_skylib\actor_state.h">
      <Filter>Header Files\actor</Filter>
    </ClInclude>
    <ClInclude Include="include\doticu_skylib\actor_value_modifiers.h">
      <Filter>Header Files\actor</Filter>
    </ClInclude>
    <ClInclude Include="include\doticu_skylib\actor_values.h">
      <Filter>Header Files\actor</Filter>
    </ClInclude>
    <ClInclude Include="include\doticu_skylib\actor_values_data.h">
      <Filter>Header Files\actor</Filter>
    </ClInclude>
    <ClInclude Include="include\doticu_skylib\container_changes.h">
      <Filter>Header Files\container</Filter>
    </ClInclude>
    <ClInclude Include="include\doticu_skylib\container_changes_entry.h">
      <Filter>Header Files\container</Filter>
    </ClInclude>
    <ClInclude Include="include\doticu_skylib\container_entry.h">
      <Filter>Header Files\container</Filter>
    </ClInclude>
    <ClInclude Include="include\doticu_skylib\container_entry_count.h">
      <Filter>Header Files\container</Filter>
    </ClInclude>
    <ClInclude Include="include\doticu_skylib\container_entry_extra.h">
      <Filter>Header Files\container</Filter>
    </ClInclude>
    <ClInclude Include="include\doticu_skylib\dialogue_info_instance.h">
      <Filter>Header Files\dialogue</Filter>
    </ClInclude>
    <ClInclude Include="include\doticu_skylib\dialogue_response.h">
      <Filter>Header Files\dialogue</Filter>
    </ClInclude>
    <ClInclude Include="include\doticu_skylib\dialogue_response_instance.h">
      <Filter>Header Files\dialogue</Filter>
    </ClInclude>
    <ClInclude Include="include\doticu_skylib\reference_attached_state.h">
      <Filter>Header Files\reference</Filter>
    </ClInclude>
    <ClInclude Include="include\doticu_skylib\reference_container.h">
      <Filter>Header Files\reference</Filter>
    </ClInclude>
    <ClInclude Include="include\doticu_skylib\reference_container_entry.h">
      <Filter>Header Files\reference</Filter>
    </ClInclude>
    <ClInclude Include="include\doticu_skylib\reference_count.h">
      <Filter>Header Files\reference</Filter>
    </ClInclude>
    <ClInclude Include="include\doticu_skylib\reference_handle.h">
      <Filter>Header Files\reference</Filter>
    </ClInclude>
    <ClInclude Include="include\doticu_skylib\reference_interaction.h">
      <Filter>Header Files\reference</Filter>
    </ClInclude>
    <ClInclude Include="include\doticu_skylib\form_factory.h">
      <Filter>Header Files\form</Filter>
    </ClInclude>
    <ClInclude Include="include\doticu_skylib\form_id.h">
      <Filter>Header Files\form</Filter>
    </ClInclude>
    <ClInclude Include="include\doticu_skylib\form_index.h">
      <Filter>Header Files\form</Filter>
    </ClInclude>
    <ClInclude Include="include\doticu_skylib\filter_collision_layer_types.h">
      <Filter>Header Files\filter</Filter>
    </ClInclude>
    <ClInclude Include="include\doticu_skylib\component_spells.h">
      <Filter>Header Files\component</Filter>
    </ClInclude>
    <ClInclude Include="include\doticu_skylib\race_skill_bonus.h">
      <Filter>Header Files</Filter>
    </ClInclude>
    <ClInclude Include="include\doticu_skylib\extra_factions.h">
      <Filter>Header Files\extra</Filter>
    </ClInclude>
    <ClInclude Include="include\doticu_skylib\dynamic_array.h">
      <Filter>Header Files</Filter>
    </ClInclude>
    <ClInclude Include="include\doticu_skylib\scrap_array.h">
      <Filter>Header Files</Filter>
    </ClInclude>
    <ClInclude Include="include\doticu_skylib\scrap_array_allocator.h">
      <Filter>Header Files</Filter>
    </ClInclude>
    <ClInclude Include="include\doticu_skylib\virtual_utility.h">
      <Filter>Header Files\virtual</Filter>
    </ClInclude>
    <ClInclude Include="include\doticu_skylib\form_owner.h">
      <Filter>Header Files</Filter>
    </ClInclude>
    <ClInclude Include="include\doticu_skylib\enum_actor_value_type.h">
      <Filter>Header Files\enum</Filter>
    </ClInclude>
    <ClInclude Include="include\doticu_skylib\enum_magic_type.h">
      <Filter>Header Files\enum</Filter>
    </ClInclude>
    <ClInclude Include="include\doticu_skylib\enum_magic_delivery_type.h">
      <Filter>Header Files\enum</Filter>
    </ClInclude>
    <ClInclude Include="include\doticu_skylib\temper_level.h">
      <Filter>Header Files</Filter>
    </ClInclude>
    <ClInclude Include="include\doticu_skylib\enum_actor_ai_cached_values_flags.h">
      <Filter>Header Files\enum</Filter>
    </ClInclude>
    <ClInclude Include="include\doticu_skylib\enum_attack_state.h">
      <Filter>Header Files\enum</Filter>
    </ClInclude>
    <ClInclude Include="include\doticu_skylib\enum_biped_object_type.h">
      <Filter>Header Files\enum</Filter>
    </ClInclude>
    <ClInclude Include="include\doticu_skylib\enum_enchantment_flags.h">
      <Filter>Header Files\enum</Filter>
    </ClInclude>
    <ClInclude Include="include\doticu_skylib\enum_face_morph_type.h">
      <Filter>Header Files\enum</Filter>
    </ClInclude>
    <ClInclude Include="include\doticu_skylib\enum_face_part_type.h">
      <Filter>Header Files\enum</Filter>
    </ClInclude>
    <ClInclude Include="include\doticu_skylib\enum_fly_state.h">
      <Filter>Header Files\enum</Filter>
    </ClInclude>
    <ClInclude Include="include\doticu_skylib\enum_knock_state.h">
      <Filter>Header Files\enum</Filter>
    </ClInclude>
    <ClInclude Include="include\doticu_skylib\enum_life_state.h">
      <Filter>Header Files\enum</Filter>
    </ClInclude>
    <ClInclude Include="include\doticu_skylib\enum_magic_archetype.h">
      <Filter>Header Files\enum</Filter>
    </ClInclude>
    <ClInclude Include="include\doticu_skylib\enum_magic_effect_flags.h">
      <Filter>Header Files\enum</Filter>
    </ClInclude>
    <ClInclude Include="include\doticu_skylib\enum_potion_flags.h">
      <Filter>Header Files\enum</Filter>
    </ClInclude>
    <ClInclude Include="include\doticu_skylib\enum_race_flags.h">
      <Filter>Header Files\enum</Filter>
    </ClInclude>
    <ClInclude Include="include\doticu_skylib\enum_race_size.h">
      <Filter>Header Files\enum</Filter>
    </ClInclude>
    <ClInclude Include="include\doticu_skylib\enum_relation.h">
      <Filter>Header Files\enum</Filter>
    </ClInclude>
    <ClInclude Include="include\doticu_skylib\enum_sit_sleep_state.h">
      <Filter>Header Files\enum</Filter>
    </ClInclude>
    <ClInclude Include="include\doticu_skylib\enum_temper_level.h">
      <Filter>Header Files\enum</Filter>
    </ClInclude>
    <ClInclude Include="include\doticu_skylib\enum_texture_set_flags.h">
      <Filter>Header Files\enum</Filter>
    </ClInclude>
    <ClInclude Include="include\doticu_skylib\enum_texture_type.h">
      <Filter>Header Files\enum</Filter>
    </ClInclude>
    <ClInclude Include="include\doticu_skylib\enum_update_3d_flags.h">
      <Filter>Header Files\enum</Filter>
    </ClInclude>
    <ClInclude Include="include\doticu_skylib\enum_voice_type_flags.h">
      <Filter>Header Files\enum</Filter>
    </ClInclude>
    <ClInclude Include="include\doticu_skylib\virtual_input.h">
      <Filter>Header Files\virtual</Filter>
    </ClInclude>
    <ClInclude Include="include\doticu_skylib\virtual_debug.h">
      <Filter>Header Files\virtual</Filter>
    </ClInclude>
    <ClInclude Include="include\doticu_skylib\virtual_actor_base.h">
      <Filter>Header Files\virtual</Filter>
    </ClInclude>
    <ClInclude Include="include\doticu_skylib\atomic.h">
      <Filter>Header Files\atomic</Filter>
    </ClInclude>
    <ClInclude Include="include\doticu_skylib\atomic_count.h">
      <Filter>Header Files\atomic</Filter>
    </ClInclude>
    <ClInclude Include="include\doticu_skylib\atomic_number.h">
      <Filter>Header Files\atomic</Filter>
    </ClInclude>
    <ClInclude Include="include\doticu_skylib\actor_ai_cached_value.h">
      <Filter>Header Files\actor</Filter>
    </ClInclude>
    <ClInclude Include="include\doticu_skylib\actor_ai_cached_values.h">
      <Filter>Header Files\actor</Filter>
    </ClInclude>
    <ClInclude Include="include\doticu_skylib\actor_face_data.h">
      <Filter>Header Files\actor</Filter>
    </ClInclude>
    <ClInclude Include="include\doticu_skylib\actor_head_data.h">
      <Filter>Header Files\actor</Filter>
    </ClInclude>
    <ClInclude Include="include\doticu_skylib\dialogue_manager.h">
      <Filter>Header Files\dialogue</Filter>
    </ClInclude>
    <ClInclude Include="include\doticu_skylib\dialogue_topic_instance.h">
      <Filter>Header Files\dialogue</Filter>
    </ClInclude>
    <ClInclude Include="include\doticu_skylib\extra_charge.h">
      <Filter>Header Files\extra</Filter>
    </ClInclude>
    <ClInclude Include="include\doticu_skylib\extra_enchantment.h">
      <Filter>Header Files\extra</Filter>
    </ClInclude>
    <ClInclude Include="include\doticu_skylib\extra_poison.h">
      <Filter>Header Files\extra</Filter>
    </ClInclude>
    <ClInclude Include="include\doticu_skylib\extra_temper_level.h">
      <Filter>Header Files\extra</Filter>
    </ClInclude>
    <ClInclude Include="include\doticu_skylib\ni_texture_set.h">
      <Filter>Header Files\ni</Filter>
    </ClInclude>
    <ClInclude Include="include\doticu_skylib\activator.h">
      <Filter>Header Files\scriptables</Filter>
    </ClInclude>
    <ClInclude Include="include\doticu_skylib\active_magic_effect.h">
      <Filter>Header Files\scriptables</Filter>
    </ClInclude>
    <ClInclude Include="include\doticu_skylib\alias_base.h">
      <Filter>Header Files\scriptables</Filter>
    </ClInclude>
    <ClInclude Include="include\doticu_skylib\alias_reference.h">
      <Filter>Header Files\scriptables</Filter>
    </ClInclude>
    <ClInclude Include="include\doticu_skylib\actor.h">
      <Filter>Header Files\scriptables</Filter>
    </ClInclude>
    <ClInclude Include="include\doticu_skylib\actor_base.h">
      <Filter>Header Files\scriptables</Filter>
    </ClInclude>
    <ClInclude Include="include\doticu_skylib\armor.h">
      <Filter>Header Files\scriptables</Filter>
    </ClInclude>
    <ClInclude Include="include\doticu_skylib\cell.h">
      <Filter>Header Files\scriptables</Filter>
    </ClInclude>
    <ClInclude Include="include\doticu_skylib\color.h">
      <Filter>Header Files\scriptables</Filter>
    </ClInclude>
    <ClInclude Include="include\doticu_skylib\effect_shader.h">
      <Filter>Header Files\scriptables</Filter>
    </ClInclude>
    <ClInclude Include="include\doticu_skylib\container.h">
      <Filter>Header Files\scriptables</Filter>
    </ClInclude>
    <ClInclude Include="include\doticu_skylib\dialogue_branch.h">
      <Filter>Header Files\scriptables</Filter>
    </ClInclude>
    <ClInclude Include="include\doticu_skylib\dialogue_info.h">
      <Filter>Header Files\scriptables</Filter>
    </ClInclude>
    <ClInclude Include="include\doticu_skylib\dialogue_topic.h">
      <Filter>Header Files\scriptables</Filter>
    </ClInclude>
    <ClInclude Include="include\doticu_skylib\enum_form_flags.h">
      <Filter>Header Files\enum</Filter>
    </ClInclude>
    <ClInclude Include="include\doticu_skylib\form.h">
      <Filter>Header Files\scriptables</Filter>
    </ClInclude>
    <ClInclude Include="include\doticu_skylib\form_list.h">
      <Filter>Header Files\scriptables</Filter>
    </ClInclude>
    <ClInclude Include="include\doticu_skylib\package.h">
      <Filter>Header Files\scriptables</Filter>
    </ClInclude>
    <ClInclude Include="include\doticu_skylib\reference.h">
      <Filter>Header Files\scriptables</Filter>
    </ClInclude>
    <ClInclude Include="include\doticu_skylib\enchantment.h">
      <Filter>Header Files\scriptables</Filter>
    </ClInclude>
    <ClInclude Include="include\doticu_skylib\encounter_zone.h">
      <Filter>Header Files\scriptables</Filter>
    </ClInclude>
    <ClInclude Include="include\doticu_skylib\faction.h">
      <Filter>Header Files\scriptables</Filter>
    </ClInclude>
    <ClInclude Include="include\doticu_skylib\flora.h">
      <Filter>Header Files\scriptables</Filter>
    </ClInclude>
    <ClInclude Include="include\doticu_skylib\furniture.h">
      <Filter>Header Files\scriptables</Filter>
    </ClInclude>
    <ClInclude Include="include\doticu_skylib\global.h">
      <Filter>Header Files\scriptables</Filter>
    </ClInclude>
    <ClInclude Include="include\doticu_skylib\keyword.h">
      <Filter>Header Files\scriptables</Filter>
    </ClInclude>
    <ClInclude Include="include\doticu_skylib\leveled_actor_base.h">
      <Filter>Header Files\scriptables</Filter>
    </ClInclude>
    <ClInclude Include="include\doticu_skylib\location.h">
      <Filter>Header Files\scriptables</Filter>
    </ClInclude>
    <ClInclude Include="include\doticu_skylib\leveled_item.h">
      <Filter>Header Files\scriptables</Filter>
    </ClInclude>
    <ClInclude Include="include\doticu_skylib\location_reference_type.h">
      <Filter>Header Files\scriptables</Filter>
    </ClInclude>
    <ClInclude Include="include\doticu_skylib\worldspace.h">
      <Filter>Header Files\scriptables</Filter>
    </ClInclude>
    <ClInclude Include="include\doticu_skylib\weapon.h">
      <Filter>Header Files\scriptables</Filter>
    </ClInclude>
    <ClInclude Include="include\doticu_skylib\voice_type.h">
      <Filter>Header Files\scriptables</Filter>
    </ClInclude>
    <ClInclude Include="include\doticu_skylib\static.h">
      <Filter>Header Files\scriptables</Filter>
    </ClInclude>
    <ClInclude Include="include\doticu_skylib\spell.h">
      <Filter>Header Files\scriptables</Filter>
    </ClInclude>
    <ClInclude Include="include\doticu_skylib\race.h">
      <Filter>Header Files\scriptables</Filter>
    </ClInclude>
    <ClInclude Include="include\doticu_skylib\quest.h">
      <Filter>Header Files\scriptables</Filter>
    </ClInclude>
    <ClInclude Include="include\doticu_skylib\projectile.h">
      <Filter>Header Files\scriptables</Filter>
    </ClInclude>
    <ClInclude Include="include\doticu_skylib\potion.h">
      <Filter>Header Files\scriptables</Filter>
    </ClInclude>
    <ClInclude Include="include\doticu_skylib\perk.h">
      <Filter>Header Files\scriptables</Filter>
    </ClInclude>
    <ClInclude Include="include\doticu_skylib\outfit.h">
      <Filter>Header Files\scriptables</Filter>
    </ClInclude>
    <ClInclude Include="include\doticu_skylib\misc.h">
      <Filter>Header Files\scriptables</Filter>
    </ClInclude>
    <ClInclude Include="include\doticu_skylib\magic_effect.h">
      <Filter>Header Files\scriptables</Filter>
    </ClInclude>
    <ClInclude Include="include\doticu_skylib\texture_set.h">
      <Filter>Header Files\scriptables</Filter>
    </ClInclude>
    <ClInclude Include="include\doticu_skylib\script.h">
      <Filter>Header Files\scriptables</Filter>
    </ClInclude>
    <ClInclude Include="include\doticu_skylib\package_dialogue.h">
      <Filter>Header Files\package</Filter>
    </ClInclude>
    <ClInclude Include="include\doticu_skylib\message.h">
      <Filter>Header Files\scriptables</Filter>
    </ClInclude>
    <ClInclude Include="include\doticu_skylib\menu_icon.h">
      <Filter>Header Files\scriptables</Filter>
    </ClInclude>
    <ClInclude Include="include\doticu_skylib\enum_remove_reason.h">
      <Filter>Header Files</Filter>
    </ClInclude>
    <ClInclude Include="include\doticu_skylib\extra_unique_id.h">
      <Filter>Header Files</Filter>
    </ClInclude>
    <ClInclude Include="include\doticu_skylib\enum_virtual_relation.h">
      <Filter>Header Files</Filter>
    </ClInclude>
    <ClInclude Include="include\doticu_skylib\extra_from_alias.h">
      <Filter>Header Files</Filter>
    </ClInclude>
    <ClInclude Include="include\doticu_skylib\extra_cannot_wear.h">
      <Filter>Header Files</Filter>
    </ClInclude>
    <ClInclude Include="include\doticu_skylib\virtual_traits.h">
      <Filter>Header Files</Filter>
    </ClInclude>
    <ClInclude Include="include\doticu_skylib\book.h">
      <Filter>Header Files</Filter>
    </ClInclude>
    <ClInclude Include="include\doticu_skylib\enum_book_flags.h">
      <Filter>Header Files</Filter>
    </ClInclude>
    <ClInclude Include="include\doticu_skylib\enum_book_type.h">
      <Filter>Header Files</Filter>
    </ClInclude>
    <ClInclude Include="include\doticu_skylib\enum_weapon_animation_type.h">
      <Filter>Header Files</Filter>
    </ClInclude>
    <ClInclude Include="include\doticu_skylib\enum_weapon_flags.h">
      <Filter>Header Files</Filter>
    </ClInclude>
    <ClInclude Include="include\doticu_skylib\enum_weapon_hit_type.h">
      <Filter>Header Files</Filter>
    </ClInclude>
    <ClInclude Include="include\doticu_skylib\enum_weapon_rumble_type.h">
      <Filter>Header Files</Filter>
    </ClInclude>
    <ClInclude Include="include\doticu_skylib\enum_weapon_attack_type.h">
      <Filter>Header Files</Filter>
    </ClInclude>
    <ClInclude Include="include\doticu_skylib\enum_weapon_critical_flags.h">
      <Filter>Header Files</Filter>
    </ClInclude>
    <ClInclude Include="include\doticu_skylib\const_keywords.h">
      <Filter>Header Files</Filter>
    </ClInclude>
    <ClInclude Include="include\doticu_skylib\const_mods.h">
      <Filter>Header Files</Filter>
    </ClInclude>
    <ClInclude Include="include\doticu_skylib\ammo.h">
      <Filter>Header Files</Filter>
    </ClInclude>
    <ClInclude Include="include\doticu_skylib\enum_ammo_flags.h">
      <Filter>Header Files</Filter>
    </ClInclude>
    <ClInclude Include="include\doticu_skylib\ingredient.h">
      <Filter>Header Files</Filter>
    </ClInclude>
    <ClInclude Include="include\doticu_skylib\enum_ingredient_flags.h">
      <Filter>Header Files</Filter>
    </ClInclude>
    <ClInclude Include="include\doticu_skylib\scroll.h">
      <Filter>Header Files</Filter>
    </ClInclude>
    <ClInclude Include="include\doticu_skylib\soul_gem.h">
      <Filter>Header Files</Filter>
    </ClInclude>
    <ClInclude Include="include\doticu_skylib\key.h">
      <Filter>Header Files</Filter>
    </ClInclude>
    <ClInclude Include="include\doticu_skylib\virtual_latent_id.h">
      <Filter>Header Files</Filter>
    </ClInclude>
    <ClInclude Include="include\doticu_skylib\skse_plugin.h">
      <Filter>Header Files</Filter>
    </ClInclude>
    <ClInclude Include="include\doticu_skylib\skse.h">
      <Filter>Header Files</Filter>
    </ClInclude>
    <ClInclude Include="include\doticu_skylib\enum_iterator.h">
      <Filter>Header Files</Filter>
    </ClInclude>
    <ClInclude Include="include\doticu_skylib\enum_comparator.h">
      <Filter>Header Files</Filter>
    </ClInclude>
    <ClInclude Include="include\doticu_skylib\enum_type.h">
      <Filter>Header Files</Filter>
    </ClInclude>
    <ClInclude Include="include\doticu_skylib\numeric.h">
      <Filter>Header Files</Filter>
    </ClInclude>
    <ClInclude Include="include\doticu_skylib\maybe_enum.h">
      <Filter>Header Files</Filter>
    </ClInclude>
    <ClInclude Include="include\doticu_skylib\const_actor_bases.h">
      <Filter>Header Files</Filter>
    </ClInclude>
    <ClInclude Include="include\doticu_skylib\const_voice_types.h">
      <Filter>Header Files</Filter>
    </ClInclude>
    <ClInclude Include="include\doticu_skylib\const_actors.h">
      <Filter>Header Files</Filter>
    </ClInclude>
    <ClInclude Include="include\doticu_skylib\combat_style.h">
      <Filter>Header Files</Filter>
    </ClInclude>
    <ClInclude Include="include\doticu_skylib\const_spells.h">
      <Filter>Header Files</Filter>
    </ClInclude>
    <ClInclude Include="include\doticu_skylib\alpha.h">
      <Filter>Header Files</Filter>
    </ClInclude>
    <ClInclude Include="include\doticu_skylib\small_dynamic_array.h">
      <Filter>Header Files</Filter>
    </ClInclude>
    <ClInclude Include="include\doticu_skylib\dispelled_magic.h">
      <Filter>Header Files</Filter>
    </ClInclude>
    <ClInclude Include="include\doticu_skylib\enum_magic_target_flags.h">
      <Filter>Header Files</Filter>
    </ClInclude>
    <ClInclude Include="include\doticu_skylib\const_factions.h">
      <Filter>Header Files</Filter>
    </ClInclude>
    <ClInclude Include="include\doticu_skylib\package_value_target.h">
      <Filter>Header Files</Filter>
    </ClInclude>
    <ClInclude Include="include\doticu_skylib\package_value_list.h">
      <Filter>Header Files</Filter>
    </ClInclude>
    <ClInclude Include="include\doticu_skylib\ai_location_handle.h">
      <Filter>Header Files</Filter>
    </ClInclude>
    <ClInclude Include="include\doticu_skylib\ai_target_handle.h">
      <Filter>Header Files</Filter>
    </ClInclude>
    <ClInclude Include="include\doticu_skylib\const_furnitures.h">
      <Filter>Header Files</Filter>
    </ClInclude>
    <ClInclude Include="include\doticu_skylib\light.h">
      <Filter>Header Files</Filter>
    </ClInclude>
    <ClInclude Include="include\doticu_skylib\const_armors.h">
      <Filter>Header Files</Filter>
    </ClInclude>
    <ClInclude Include="include\doticu_skylib\const_weapons.h">
      <Filter>Header Files</Filter>
    </ClInclude>
    <ClInclude Include="include\doticu_skylib\reaction.h">
      <Filter>Header Files</Filter>
    </ClInclude>
    <ClInclude Include="include\doticu_skylib\enum_reaction_type.h">
      <Filter>Header Files</Filter>
    </ClInclude>
    <ClInclude Include="include\doticu_skylib\armor_set.h">
      <Filter>Header Files</Filter>
    </ClInclude>
    <ClInclude Include="include\doticu_skylib\const_ammos.h">
      <Filter>Header Files</Filter>
    </ClInclude>
    <ClInclude Include="include\doticu_skylib\calendar.h">
      <Filter>Header Files</Filter>
    </ClInclude>
    <ClInclude Include="include\doticu_skylib\game_timer.h">
      <Filter>Header Files</Filter>
    </ClInclude>
    <ClInclude Include="include\doticu_skylib\calendar_date.h">
      <Filter>Header Files</Filter>
    </ClInclude>
    <ClInclude Include="include\doticu_skylib\calendar_time_24.h">
      <Filter>Header Files</Filter>
    </ClInclude>
    <ClInclude Include="include\doticu_skylib\calendar_time_12.h">
      <Filter>Header Files</Filter>
    </ClInclude>
    <ClInclude Include="include\doticu_skylib\enum_calendar_time_am_pm.h">
      <Filter>Header Files</Filter>
    </ClInclude>
    <ClInclude Include="include\doticu_skylib\calendar_time_hour_12.h">
      <Filter>Header Files</Filter>
    </ClInclude>
    <ClInclude Include="include\doticu_skylib\calendar_time_minute.h">
      <Filter>Header Files</Filter>
    </ClInclude>
    <ClInclude Include="include\doticu_skylib\calendar_date_year.h">
      <Filter>Header Files</Filter>
    </ClInclude>
    <ClInclude Include="include\doticu_skylib\calendar_date_month.h">
      <Filter>Header Files</Filter>
    </ClInclude>
    <ClInclude Include="include\doticu_skylib\calendar_date_day.h">
      <Filter>Header Files</Filter>
    </ClInclude>
    <ClInclude Include="include\doticu_skylib\calendar_now.h">
      <Filter>Header Files</Filter>
    </ClInclude>
    <ClInclude Include="include\doticu_skylib\calendar_time_hour_24.h">
      <Filter>Header Files</Filter>
    </ClInclude>
    <ClInclude Include="include\doticu_skylib\enum_calendar_date_weekday.h">
      <Filter>Header Files</Filter>
    </ClInclude>
    <ClInclude Include="include\doticu_skylib\calendar_time.h">
      <Filter>Header Files</Filter>
    </ClInclude>
    <ClInclude Include="include\doticu_skylib\player_objective.h">
      <Filter>Header Files</Filter>
    </ClInclude>
    <ClInclude Include="include\doticu_skylib\quest_instance.h">
      <Filter>Header Files</Filter>
    </ClInclude>
    <ClInclude Include="include\doticu_skylib\relation.h">
      <Filter>Header Files</Filter>
    </ClInclude>
    <ClInclude Include="include\doticu_skylib\association.h">
      <Filter>Header Files</Filter>
    </ClInclude>
    <ClInclude Include="include\doticu_skylib\enum_association_flags.h">
      <Filter>Header Files</Filter>
    </ClInclude>
    <ClInclude Include="include\doticu_skylib\enum_relation_flags.h">
      <Filter>Header Files</Filter>
    </ClInclude>
    <ClInclude Include="include\doticu_skylib\event_dispatcher.h">
      <Filter>Header Files</Filter>
    </ClInclude>
    <ClInclude Include="include\doticu_skylib\event_handler.h">
      <Filter>Header Files</Filter>
    </ClInclude>
    <ClInclude Include="include\doticu_skylib\spin_lock.h">
      <Filter>Header Files</Filter>
    </ClInclude>
    <ClInclude Include="include\doticu_skylib\singleton.h">
      <Filter>Header Files</Filter>
    </ClInclude>
    <ClInclude Include="include\doticu_skylib\event_open_close_menu.h">
      <Filter>Header Files</Filter>
    </ClInclude>
    <ClInclude Include="include\doticu_skylib\script_event_dispatchers.h">
      <Filter>Header Files</Filter>
    </ClInclude>
    <ClInclude Include="include\doticu_skylib\event_quest_stage.h">
      <Filter>Header Files</Filter>
    </ClInclude>
    <ClInclude Include="include\doticu_skylib\quest_objective_index.h">
      <Filter>Header Files</Filter>
    </ClInclude>
    <ClInclude Include="include\doticu_skylib\enum_quest_objective_flags.h">
      <Filter>Header Files</Filter>
    </ClInclude>
    <ClInclude Include="include\doticu_skylib\enum_calendar_date_month.h">
      <Filter>Header Files</Filter>
    </ClInclude>
  </ItemGroup>
  <ItemGroup>
    <ClCompile Include="src\doticu_skylib\game.cpp">
      <Filter>Source Files</Filter>
    </ClCompile>
    <ClCompile Include="src\doticu_skylib\quest.cpp">
      <Filter>Source Files</Filter>
    </ClCompile>
    <ClCompile Include="src\doticu_skylib\virtual_machine.cpp">
      <Filter>Source Files</Filter>
    </ClCompile>
    <ClCompile Include="src\doticu_skylib\virtual_handle.cpp">
      <Filter>Source Files</Filter>
    </ClCompile>
    <ClCompile Include="src\doticu_skylib\virtual_variable.cpp">
      <Filter>Source Files</Filter>
    </ClCompile>
    <ClCompile Include="src\doticu_skylib\virtual_type.cpp">
      <Filter>Source Files</Filter>
    </ClCompile>
    <ClCompile Include="src\doticu_skylib\virtual_policy.cpp">
      <Filter>Source Files</Filter>
    </ClCompile>
    <ClCompile Include="src\doticu_skylib\ui.cpp">
      <Filter>Source Files</Filter>
    </ClCompile>
    <ClCompile Include="src\doticu_skylib\virtual_array.cpp">
      <Filter>Source Files</Filter>
    </ClCompile>
    <ClCompile Include="src\doticu_skylib\form.cpp">
      <Filter>Source Files</Filter>
    </ClCompile>
    <ClCompile Include="src\doticu_skylib\string.cpp">
      <Filter>Source Files</Filter>
    </ClCompile>
    <ClCompile Include="src\doticu_skylib\virtual_class.cpp">
      <Filter>Source Files</Filter>
    </ClCompile>
    <ClCompile Include="src\doticu_skylib\virtual_object.cpp">
      <Filter>Source Files</Filter>
    </ClCompile>
    <ClCompile Include="src\doticu_skylib\cell.cpp">
      <Filter>Source Files</Filter>
    </ClCompile>
    <ClCompile Include="src\doticu_skylib\actor_base.cpp">
      <Filter>Source Files</Filter>
    </ClCompile>
    <ClCompile Include="src\doticu_skylib\actor.cpp">
      <Filter>Source Files</Filter>
    </ClCompile>
    <ClCompile Include="src\doticu_skylib\reference.cpp">
      <Filter>Source Files</Filter>
    </ClCompile>
    <ClCompile Include="src\doticu_skylib\worldspace.cpp">
      <Filter>Source Files</Filter>
    </ClCompile>
    <ClCompile Include="src\doticu_skylib\leveled_actor_base.cpp">
      <Filter>Source Files</Filter>
    </ClCompile>
    <ClCompile Include="src\doticu_skylib\global.cpp">
      <Filter>Source Files</Filter>
    </ClCompile>
    <ClCompile Include="src\doticu_skylib\race.cpp">
      <Filter>Source Files</Filter>
    </ClCompile>
    <ClCompile Include="src\doticu_skylib\mod.cpp">
      <Filter>Source Files</Filter>
    </ClCompile>
    <ClCompile Include="src\doticu_skylib\location.cpp">
      <Filter>Source Files</Filter>
    </ClCompile>
    <ClCompile Include="src\doticu_skylib\script.cpp">
      <Filter>Source Files</Filter>
    </ClCompile>
    <ClCompile Include="src\doticu_skylib\player.cpp">
      <Filter>Source Files</Filter>
    </ClCompile>
    <ClCompile Include="src\doticu_skylib\cstring.cpp">
      <Filter>Source Files</Filter>
    </ClCompile>
    <ClCompile Include="src\doticu_skylib\component_actor_base_data.cpp">
      <Filter>Source Files</Filter>
    </ClCompile>
    <ClCompile Include="src\doticu_skylib\form_factory.cpp">
      <Filter>Source Files</Filter>
    </ClCompile>
    <ClCompile Include="src\doticu_skylib\reference_count.cpp">
      <Filter>Source Files</Filter>
    </ClCompile>
    <ClCompile Include="src\doticu_skylib\extra_data.cpp">
      <Filter>Source Files</Filter>
    </ClCompile>
    <ClCompile Include="src\doticu_skylib\extra_list.cpp">
      <Filter>Source Files</Filter>
    </ClCompile>
    <ClCompile Include="src\doticu_skylib\alias_base.cpp">
      <Filter>Source Files</Filter>
    </ClCompile>
    <ClCompile Include="src\doticu_skylib\math.cpp">
      <Filter>Source Files</Filter>
    </ClCompile>
    <ClCompile Include="src\doticu_skylib\virtual_game.cpp">
      <Filter>Source Files</Filter>
    </ClCompile>
    <ClCompile Include="src\doticu_skylib\quest_objective.cpp">
      <Filter>Source Files</Filter>
    </ClCompile>
    <ClCompile Include="src\doticu_skylib\rarity.cpp">
      <Filter>Source Files</Filter>
    </ClCompile>
    <ClCompile Include="src\doticu_skylib\translations.cpp">
      <Filter>Source Files</Filter>
    </ClCompile>
    <ClCompile Include="src\doticu_skylib\faction_and_rank.cpp">
      <Filter>Source Files</Filter>
    </ClCompile>
    <ClCompile Include="src\doticu_skylib\faction.cpp">
      <Filter>Source Files</Filter>
    </ClCompile>
    <ClCompile Include="src\doticu_skylib\keyword.cpp">
      <Filter>Source Files</Filter>
    </ClCompile>
    <ClCompile Include="src\doticu_skylib\read_write_lock.cpp">
      <Filter>Source Files</Filter>
    </ClCompile>
    <ClCompile Include="src\doticu_skylib\enum_vitality.cpp">
      <Filter>Source Files</Filter>
    </ClCompile>
    <ClCompile Include="src\doticu_skylib\enum_operator.cpp">
      <Filter>Source Files</Filter>
    </ClCompile>
    <ClCompile Include="src\doticu_skylib\form_list.cpp">
      <Filter>Source Files</Filter>
    </ClCompile>
    <ClCompile Include="src\doticu_skylib\os.cpp">
      <Filter>Source Files</Filter>
    </ClCompile>
    <ClCompile Include="src\doticu_skylib\package_value.cpp">
      <Filter>Source Files</Filter>
    </ClCompile>
    <ClCompile Include="src\doticu_skylib\package.cpp">
      <Filter>Source Files</Filter>
    </ClCompile>
    <ClCompile Include="src\doticu_skylib\component_description.cpp">
      <Filter>Source Files</Filter>
    </ClCompile>
    <ClCompile Include="src\doticu_skylib\extra_text_display.cpp">
      <Filter>Source Files</Filter>
    </ClCompile>
    <ClCompile Include="src\doticu_skylib\enum_soul_level.cpp">
      <Filter>Source Files</Filter>
    </ClCompile>
    <ClCompile Include="src\doticu_skylib\magic_target.cpp">
      <Filter>Source Files</Filter>
    </ClCompile>
    <ClCompile Include="src\doticu_skylib\atomic_count.cpp">
      <Filter>Source Files</Filter>
    </ClCompile>
    <ClCompile Include="src\doticu_skylib\dialogue_info.cpp">
      <Filter>Source Files</Filter>
    </ClCompile>
    <ClCompile Include="src\doticu_skylib\dialogue_info_instance.cpp">
      <Filter>Source Files</Filter>
    </ClCompile>
    <ClCompile Include="src\doticu_skylib\form_id.cpp">
      <Filter>Source Files</Filter>
    </ClCompile>
    <ClCompile Include="src\doticu_skylib\extra_collision_layer.cpp">
      <Filter>Source Files</Filter>
    </ClCompile>
    <ClCompile Include="src\doticu_skylib\dynatomic_count.cpp">
      <Filter>Source Files</Filter>
    </ClCompile>
    <ClCompile Include="src\doticu_skylib\ni_extra_bounds.cpp">
      <Filter>Source Files</Filter>
    </ClCompile>
    <ClCompile Include="src\doticu_skylib\ni_3d.cpp">
      <Filter>Source Files</Filter>
    </ClCompile>
    <ClCompile Include="src\doticu_skylib\ni_node.cpp">
      <Filter>Source Files</Filter>
    </ClCompile>
    <ClCompile Include="src\doticu_skylib\ni_collidable.cpp">
      <Filter>Source Files</Filter>
    </ClCompile>
    <ClCompile Include="src\doticu_skylib\havok_collidable_base.cpp">
      <Filter>Source Files</Filter>
    </ClCompile>
    <ClCompile Include="src\doticu_skylib\havok_body.cpp">
      <Filter>Source Files</Filter>
    </ClCompile>
    <ClCompile Include="src\doticu_skylib\ni_update.cpp">
      <Filter>Source Files</Filter>
    </ClCompile>
    <ClCompile Include="src\doticu_skylib\havok_collidable_links.cpp">
      <Filter>Source Files</Filter>
    </ClCompile>
    <ClCompile Include="src\doticu_skylib\havok_player_base.cpp">
      <Filter>Source Files</Filter>
    </ClCompile>
    <ClCompile Include="src\doticu_skylib\memory.cpp">
      <Filter>Source Files</Filter>
    </ClCompile>
    <ClCompile Include="src\doticu_skylib\memory_virtual_heap.cpp">
      <Filter>Source Files</Filter>
    </ClCompile>
    <ClCompile Include="src\doticu_skylib\ni_object.cpp">
      <Filter>Source Files</Filter>
    </ClCompile>
    <ClCompile Include="src\doticu_skylib\havok_rigid_body_base.cpp">
      <Filter>Source Files</Filter>
    </ClCompile>
    <ClCompile Include="src\doticu_skylib\actor_ai_processor.cpp">
      <Filter>Source Files</Filter>
    </ClCompile>
    <ClCompile Include="src\doticu_skylib\extra_container_changes.cpp">
      <Filter>Source Files</Filter>
    </ClCompile>
    <ClCompile Include="src\doticu_skylib\container_changes_entry.cpp">
      <Filter>Source Files</Filter>
    </ClCompile>
    <ClCompile Include="src\doticu_skylib\extra_count.cpp">
      <Filter>Source Files</Filter>
    </ClCompile>
    <ClCompile Include="src\doticu_skylib\container_changes.cpp">
      <Filter>Source Files</Filter>
    </ClCompile>
    <ClCompile Include="src\doticu_skylib\component_container.cpp">
      <Filter>Source Files</Filter>
    </ClCompile>
    <ClCompile Include="src\doticu_skylib\extra_owner.cpp">
      <Filter>Source Files</Filter>
    </ClCompile>
    <ClCompile Include="src\doticu_skylib\reference_container.cpp">
      <Filter>Source Files</Filter>
    </ClCompile>
    <ClCompile Include="src\doticu_skylib\reference_container_entry.cpp">
      <Filter>Source Files</Filter>
    </ClCompile>
    <ClCompile Include="src\doticu_skylib\extra_leveled_item.cpp">
      <Filter>Source Files</Filter>
    </ClCompile>
    <ClCompile Include="src\doticu_skylib\enum_extra_type.cpp">
      <Filter>Source Files</Filter>
    </ClCompile>
    <ClCompile Include="src\doticu_skylib\extra_reference_handle.cpp">
      <Filter>Source Files</Filter>
    </ClCompile>
    <ClCompile Include="src\doticu_skylib\enum_form_type.cpp">
      <Filter>Source Files</Filter>
    </ClCompile>
    <ClCompile Include="src\doticu_skylib\enum_script_type.cpp">
      <Filter>Source Files</Filter>
    </ClCompile>
    <ClCompile Include="src\doticu_skylib\extra_outfit.cpp">
      <Filter>Source Files</Filter>
    </ClCompile>
    <ClCompile Include="src\doticu_skylib\extra_worn.cpp">
      <Filter>Source Files</Filter>
    </ClCompile>
    <ClCompile Include="src\doticu_skylib\extra_worn_left.cpp">
      <Filter>Source Files</Filter>
    </ClCompile>
    <ClCompile Include="src\doticu_skylib\console_log.cpp">
      <Filter>Source Files</Filter>
    </ClCompile>
    <ClCompile Include="src\doticu_skylib\reference_interaction.cpp">
      <Filter>Source Files</Filter>
    </ClCompile>
    <ClCompile Include="src\doticu_skylib\extra_reference_interaction.cpp">
      <Filter>Source Files</Filter>
    </ClCompile>
    <ClCompile Include="src\doticu_skylib\enum_sex.cpp">
      <Filter>Source Files</Filter>
    </ClCompile>
    <ClCompile Include="src\doticu_skylib\extra_talk_to_player.cpp">
      <Filter>Source Files</Filter>
    </ClCompile>
    <ClCompile Include="src\doticu_skylib\extra_ghost.cpp">
      <Filter>Source Files</Filter>
    </ClCompile>
    <ClCompile Include="src\doticu_skylib\actor_ai_cached_values.cpp">
      <Filter>Source Files</Filter>
    </ClCompile>
    <ClCompile Include="src\doticu_skylib\enum_relation.cpp">
      <Filter>Source Files</Filter>
    </ClCompile>
    <ClCompile Include="src\doticu_skylib\extra_factions.cpp">
      <Filter>Source Files</Filter>
    </ClCompile>
    <ClCompile Include="src\doticu_skylib\scrap_array_allocator.cpp">
      <Filter>Source Files</Filter>
    </ClCompile>
    <ClCompile Include="src\doticu_skylib\actor_state.cpp">
      <Filter>Source Files</Filter>
    </ClCompile>
    <ClCompile Include="src\doticu_skylib\virtual_callback.cpp">
      <Filter>Source Files</Filter>
    </ClCompile>
    <ClCompile Include="src\doticu_skylib\alias_reference.cpp">
      <Filter>Source Files</Filter>
    </ClCompile>
    <ClCompile Include="src\doticu_skylib\extra_aliases.cpp">
      <Filter>Source Files</Filter>
    </ClCompile>
    <ClCompile Include="src\doticu_skylib\virtual_utility.cpp">
      <Filter>Source Files</Filter>
    </ClCompile>
    <ClCompile Include="src\doticu_skylib\virtual_input.cpp">
      <Filter>Source Files</Filter>
    </ClCompile>
    <ClCompile Include="src\doticu_skylib\component_form_data.cpp">
      <Filter>Source Files</Filter>
    </ClCompile>
    <ClCompile Include="src\doticu_skylib\actor_ai.cpp">
      <Filter>Source Files</Filter>
    </ClCompile>
    <ClCompile Include="src\doticu_skylib\ni_extras.cpp">
      <Filter>Source Files</Filter>
    </ClCompile>
    <ClCompile Include="src\doticu_skylib\ni_extra.cpp">
      <Filter>Source Files</Filter>
    </ClCompile>
    <ClCompile Include="src\doticu_skylib\ni_transform.cpp">
      <Filter>Source Files</Filter>
    </ClCompile>
    <ClCompile Include="src\doticu_skylib\ni_matrix.cpp">
      <Filter>Source Files</Filter>
    </ClCompile>
    <ClCompile Include="src\doticu_skylib\ni_point.cpp">
      <Filter>Source Files</Filter>
    </ClCompile>
    <ClCompile Include="src\doticu_skylib\magic_base.cpp">
      <Filter>Source Files</Filter>
    </ClCompile>
    <ClCompile Include="src\doticu_skylib\virtual_debug.cpp">
      <Filter>Source Files</Filter>
    </ClCompile>
    <ClCompile Include="src\doticu_skylib\dialogue_manager.cpp">
      <Filter>Source Files</Filter>
    </ClCompile>
    <ClCompile Include="src\doticu_skylib\enum_actor_base_template_flags.cpp">
      <Filter>Source Files</Filter>
    </ClCompile>
    <ClCompile Include="src\doticu_skylib\enum_actor_base_flags.cpp">
      <Filter>Source Files</Filter>
    </ClCompile>
    <ClCompile Include="src\doticu_skylib\form_owner.cpp">
      <Filter>Source Files</Filter>
    </ClCompile>
    <ClCompile Include="src\doticu_skylib\virtual_actor_base.cpp">
      <Filter>Source Files</Filter>
    </ClCompile>
    <ClCompile Include="src\doticu_skylib\static.cpp">
      <Filter>Source Files</Filter>
    </ClCompile>
    <ClCompile Include="src\doticu_skylib\container.cpp">
      <Filter>Source Files</Filter>
    </ClCompile>
    <ClCompile Include="src\doticu_skylib\actor_values.cpp">
      <Filter>Source Files</Filter>
    </ClCompile>
    <ClCompile Include="src\doticu_skylib\enum_actor_value_type.cpp">
      <Filter>Source Files</Filter>
    </ClCompile>
    <ClCompile Include="src\doticu_skylib\enum_actor_value_modifier.cpp">
      <Filter>Source Files</Filter>
    </ClCompile>
    <ClCompile Include="src\doticu_skylib\extra_charge.cpp">
      <Filter>Source Files</Filter>
    </ClCompile>
    <ClCompile Include="src\doticu_skylib\extra_enchantment.cpp">
      <Filter>Source Files</Filter>
    </ClCompile>
    <ClCompile Include="src\doticu_skylib\enchantment.cpp">
      <Filter>Source Files</Filter>
    </ClCompile>
    <ClCompile Include="src\doticu_skylib\extra_temper_level.cpp">
      <Filter>Source Files</Filter>
    </ClCompile>
    <ClCompile Include="src\doticu_skylib\enum_temper_level.cpp">
      <Filter>Source Files</Filter>
    </ClCompile>
    <ClCompile Include="src\doticu_skylib\temper_level.cpp">
      <Filter>Source Files</Filter>
    </ClCompile>
    <ClCompile Include="src\doticu_skylib\potion.cpp">
      <Filter>Source Files</Filter>
    </ClCompile>
    <ClCompile Include="src\doticu_skylib\extra_poison.cpp">
      <Filter>Source Files</Filter>
    </ClCompile>
    <ClCompile Include="src\doticu_skylib\extra_soul_level.cpp">
      <Filter>Source Files</Filter>
    </ClCompile>
    <ClCompile Include="src\doticu_skylib\enum_remove_reason.cpp">
      <Filter>Source Files</Filter>
    </ClCompile>
    <ClCompile Include="src\doticu_skylib\extra_unique_id.cpp">
      <Filter>Source Files</Filter>
    </ClCompile>
    <ClCompile Include="src\doticu_skylib\enum_virtual_relation.cpp">
      <Filter>Source Files</Filter>
    </ClCompile>
    <ClCompile Include="src\doticu_skylib\extra_from_alias.cpp">
      <Filter>Source Files</Filter>
    </ClCompile>
    <ClCompile Include="src\doticu_skylib\extra_cannot_wear.cpp">
      <Filter>Source Files</Filter>
    </ClCompile>
    <ClCompile Include="src\doticu_skylib\container_entry.cpp">
      <Filter>Source Files</Filter>
    </ClCompile>
    <ClCompile Include="src\doticu_skylib\book.cpp">
      <Filter>Source Files</Filter>
    </ClCompile>
    <ClCompile Include="src\doticu_skylib\component_keywords.cpp">
      <Filter>Source Files</Filter>
    </ClCompile>
    <ClCompile Include="src\doticu_skylib\weapon.cpp">
      <Filter>Source Files</Filter>
    </ClCompile>
    <ClCompile Include="src\doticu_skylib\const_keywords.cpp">
      <Filter>Source Files</Filter>
    </ClCompile>
    <ClCompile Include="src\doticu_skylib\const_mods.cpp">
      <Filter>Source Files</Filter>
    </ClCompile>
    <ClCompile Include="src\doticu_skylib\armor.cpp">
      <Filter>Source Files</Filter>
    </ClCompile>
    <ClCompile Include="src\doticu_skylib\misc.cpp">
      <Filter>Source Files</Filter>
    </ClCompile>
    <ClCompile Include="src\doticu_skylib\ammo.cpp">
      <Filter>Source Files</Filter>
    </ClCompile>
    <ClCompile Include="src\doticu_skylib\virtual_latent_id.cpp">
      <Filter>Source Files</Filter>
    </ClCompile>
    <ClCompile Include="src\doticu_skylib\skse_plugin.cpp">
      <Filter>Source Files</Filter>
    </ClCompile>
    <ClCompile Include="src\doticu_skylib\enum_collision_layer_type.cpp">
      <Filter>Source Files</Filter>
    </ClCompile>
    <ClCompile Include="src\doticu_skylib\const_actor_bases.cpp">
      <Filter>Source Files</Filter>
    </ClCompile>
    <ClCompile Include="src\doticu_skylib\const_voice_types.cpp">
      <Filter>Source Files</Filter>
    </ClCompile>
    <ClCompile Include="src\doticu_skylib\const_actors.cpp">
      <Filter>Source Files</Filter>
    </ClCompile>
    <ClCompile Include="src\doticu_skylib\component_name.cpp">
      <Filter>Source Files</Filter>
    </ClCompile>
    <ClCompile Include="src\doticu_skylib\const_spells.cpp">
      <Filter>Source Files</Filter>
    </ClCompile>
    <ClCompile Include="src\doticu_skylib\spell.cpp">
      <Filter>Source Files</Filter>
    </ClCompile>
    <ClCompile Include="src\doticu_skylib\dispelled_magic.cpp">
      <Filter>Source Files</Filter>
    </ClCompile>
    <ClCompile Include="src\doticu_skylib\const_factions.cpp">
      <Filter>Source Files</Filter>
    </ClCompile>
    <ClCompile Include="src\doticu_skylib\enum_preferred_speed.cpp">
      <Filter>Source Files</Filter>
    </ClCompile>
    <ClCompile Include="src\doticu_skylib\enum_package_interrupt_type.cpp">
      <Filter>Source Files</Filter>
    </ClCompile>
    <ClCompile Include="src\doticu_skylib\package_data.cpp">
      <Filter>Source Files</Filter>
    </ClCompile>
    <ClCompile Include="src\doticu_skylib\package_value_bool.cpp">
      <Filter>Source Files</Filter>
    </ClCompile>
    <ClCompile Include="src\doticu_skylib\package_value_float.cpp">
      <Filter>Source Files</Filter>
    </ClCompile>
    <ClCompile Include="src\doticu_skylib\package_value_int.cpp">
      <Filter>Source Files</Filter>
    </ClCompile>
    <ClCompile Include="src\doticu_skylib\package_value_location.cpp">
      <Filter>Source Files</Filter>
    </ClCompile>
    <ClCompile Include="src\doticu_skylib\package_value_topic.cpp">
      <Filter>Source Files</Filter>
    </ClCompile>
    <ClCompile Include="src\doticu_skylib\package_value_reference.cpp">
      <Filter>Source Files</Filter>
    </ClCompile>
    <ClCompile Include="src\doticu_skylib\package_value_target.cpp">
      <Filter>Source Files</Filter>
    </ClCompile>
    <ClCompile Include="src\doticu_skylib\package_value_list.cpp">
      <Filter>Source Files</Filter>
    </ClCompile>
    <ClCompile Include="src\doticu_skylib\package_target.cpp">
      <Filter>Source Files</Filter>
    </ClCompile>
    <ClCompile Include="src\doticu_skylib\package_location.cpp">
      <Filter>Source Files</Filter>
    </ClCompile>
    <ClCompile Include="src\doticu_skylib\const_furnitures.cpp">
      <Filter>Source Files</Filter>
    </ClCompile>
    <ClCompile Include="src\doticu_skylib\outfit.cpp">
      <Filter>Source Files</Filter>
    </ClCompile>
    <ClCompile Include="src\doticu_skylib\const_armors.cpp">
      <Filter>Source Files</Filter>
    </ClCompile>
    <ClCompile Include="src\doticu_skylib\const_weapons.cpp">
      <Filter>Source Files</Filter>
    </ClCompile>
    <ClCompile Include="src\doticu_skylib\component_reactions.cpp">
      <Filter>Source Files</Filter>
    </ClCompile>
    <ClCompile Include="src\doticu_skylib\reaction.cpp">
      <Filter>Source Files</Filter>
    </ClCompile>
    <ClCompile Include="src\doticu_skylib\armor_set.cpp">
      <Filter>Source Files</Filter>
    </ClCompile>
    <ClCompile Include="src\doticu_skylib\const_ammos.cpp">
      <Filter>Source Files</Filter>
    </ClCompile>
    <ClCompile Include="src\doticu_skylib\calendar.cpp">
      <Filter>Source Files</Filter>
    </ClCompile>
    <ClCompile Include="src\doticu_skylib\game_timer.cpp">
      <Filter>Source Files</Filter>
    </ClCompile>
    <ClCompile Include="src\doticu_skylib\player_objective.cpp">
      <Filter>Source Files</Filter>
    </ClCompile>
    <ClCompile Include="src\doticu_skylib\quest_instance.cpp">
      <Filter>Source Files</Filter>
    </ClCompile>
    <ClCompile Include="src\doticu_skylib\relation.cpp">
      <Filter>Source Files</Filter>
    </ClCompile>
    <ClCompile Include="include\doticu_skylib\script_event_dispatchers.cpp">
      <Filter>Source Files</Filter>
    </ClCompile>
  </ItemGroup>
  <ItemGroup>
    <None Include="include\doticu_skylib\ui.inl">
      <Filter>Header Files</Filter>
    </None>
    <None Include="include\doticu_skylib\forward_list.inl">
      <Filter>Header Files</Filter>
    </None>
    <None Include="include\doticu_skylib\game.inl">
      <Filter>Header Files</Filter>
    </None>
    <None Include="include\doticu_skylib\virtual_variable.inl">
      <Filter>Header Files\virtual</Filter>
    </None>
    <None Include="include\doticu_skylib\extra_data.inl">
      <Filter>Header Files\extra</Filter>
    </None>
    <None Include="include\doticu_skylib\extra_list.inl">
      <Filter>Header Files\extra</Filter>
    </None>
    <None Include="include\doticu_skylib\dynamic_array.inl">
      <Filter>Header Files</Filter>
    </None>
    <None Include="include\doticu_skylib\scrap_array.inl">
      <Filter>Header Files</Filter>
    </None>
    <None Include="include\doticu_skylib\interface.inl">
      <Filter>Header Files</Filter>
    </None>
    <None Include="include\doticu_skylib\virtual_machine.inl">
      <Filter>Header Files\virtual</Filter>
    </None>
    <None Include="include\doticu_skylib\atomic.inl">
      <Filter>Header Files\atomic</Filter>
    </None>
    <None Include="include\doticu_skylib\atomic_number.inl">
      <Filter>Header Files\atomic</Filter>
    </None>
    <None Include="include\doticu_skylib\global.inl">
      <Filter>Header Files\scriptables</Filter>
    </None>
    <None Include="include\doticu_skylib\small_dynamic_array.inl">
      <Filter>Header Files</Filter>
    </None>
    <None Include="include\doticu_skylib\event_dispatcher.inl">
      <Filter>Header Files</Filter>
    </None>
    <None Include="include\doticu_skylib\form.inl">
      <Filter>Header Files</Filter>
    </None>
  </ItemGroup>
</Project>